// !$*UTF8*$!
{
	archiveVersion = 1;
	classes = {
	};
	objectVersion = 46;
	objects = {

/* Begin PBXBuildFile section */
		287BE2A31BE703650039FF2E /* NSData+MKBase64.m in Sources */ = {isa = PBXBuildFile; fileRef = 287BE16B1BE703640039FF2E /* NSData+MKBase64.m */; };
		287BE2A41BE703650039FF2E /* NSDate+RFC1123.m in Sources */ = {isa = PBXBuildFile; fileRef = 287BE16D1BE703640039FF2E /* NSDate+RFC1123.m */; };
		287BE2A51BE703650039FF2E /* NSDictionary+RequestEncoding.m in Sources */ = {isa = PBXBuildFile; fileRef = 287BE16F1BE703640039FF2E /* NSDictionary+RequestEncoding.m */; };
		287BE2A61BE703650039FF2E /* NSString+MKNetworkKitAdditions.m in Sources */ = {isa = PBXBuildFile; fileRef = 287BE1711BE703640039FF2E /* NSString+MKNetworkKitAdditions.m */; };
		287BE2A71BE703650039FF2E /* UIAlertView+MKNetworkKitAdditions.m in Sources */ = {isa = PBXBuildFile; fileRef = 287BE1731BE703640039FF2E /* UIAlertView+MKNetworkKitAdditions.m */; };
		287BE2A81BE703650039FF2E /* MKNetworkEngine.m in Sources */ = {isa = PBXBuildFile; fileRef = 287BE1751BE703640039FF2E /* MKNetworkEngine.m */; };
		287BE2A91BE703650039FF2E /* MKNetworkOperation.m in Sources */ = {isa = PBXBuildFile; fileRef = 287BE1781BE703640039FF2E /* MKNetworkOperation.m */; };
		287BE2AA1BE703650039FF2E /* Reachability.m in Sources */ = {isa = PBXBuildFile; fileRef = 287BE17B1BE703640039FF2E /* Reachability.m */; };
		287BE3311BE708D10039FF2E /* JSONModel.m in Sources */ = {isa = PBXBuildFile; fileRef = 287BE31A1BE708D10039FF2E /* JSONModel.m */; };
		287BE3321BE708D10039FF2E /* JSONModelArray.m in Sources */ = {isa = PBXBuildFile; fileRef = 287BE31C1BE708D10039FF2E /* JSONModelArray.m */; };
		287BE3331BE708D10039FF2E /* JSONModelClassProperty.m in Sources */ = {isa = PBXBuildFile; fileRef = 287BE31E1BE708D10039FF2E /* JSONModelClassProperty.m */; };
		287BE3341BE708D10039FF2E /* JSONModelError.m in Sources */ = {isa = PBXBuildFile; fileRef = 287BE3201BE708D10039FF2E /* JSONModelError.m */; };
		287BE3351BE708D10039FF2E /* NSArray+JSONModel.m in Sources */ = {isa = PBXBuildFile; fileRef = 287BE3231BE708D10039FF2E /* NSArray+JSONModel.m */; };
		287BE3361BE708D10039FF2E /* JSONAPI.m in Sources */ = {isa = PBXBuildFile; fileRef = 287BE3271BE708D10039FF2E /* JSONAPI.m */; };
		287BE3371BE708D10039FF2E /* JSONHTTPClient.m in Sources */ = {isa = PBXBuildFile; fileRef = 287BE3291BE708D10039FF2E /* JSONHTTPClient.m */; };
		287BE3381BE708D10039FF2E /* JSONModel+networking.m in Sources */ = {isa = PBXBuildFile; fileRef = 287BE32B1BE708D10039FF2E /* JSONModel+networking.m */; };
		287BE3391BE708D10039FF2E /* JSONKeyMapper.m in Sources */ = {isa = PBXBuildFile; fileRef = 287BE32E1BE708D10039FF2E /* JSONKeyMapper.m */; };
		287BE33A1BE708D10039FF2E /* JSONValueTransformer.m in Sources */ = {isa = PBXBuildFile; fileRef = 287BE3301BE708D10039FF2E /* JSONValueTransformer.m */; };
		287BE3681BE709EC0039FF2E /* EXTRuntimeExtensions.m in Sources */ = {isa = PBXBuildFile; fileRef = 287BE3451BE709EC0039FF2E /* EXTRuntimeExtensions.m */; };
		287BE3691BE709EC0039FF2E /* EXTScope.m in Sources */ = {isa = PBXBuildFile; fileRef = 287BE3471BE709EC0039FF2E /* EXTScope.m */; };
		287BE36A1BE709EC0039FF2E /* MTLJSONAdapter.m in Sources */ = {isa = PBXBuildFile; fileRef = 287BE34B1BE709EC0039FF2E /* MTLJSONAdapter.m */; };
		287BE36B1BE709EC0039FF2E /* MTLModel+NSCoding.m in Sources */ = {isa = PBXBuildFile; fileRef = 287BE34D1BE709EC0039FF2E /* MTLModel+NSCoding.m */; };
		287BE36C1BE709EC0039FF2E /* MTLModel.m in Sources */ = {isa = PBXBuildFile; fileRef = 287BE34F1BE709EC0039FF2E /* MTLModel.m */; };
		287BE36D1BE709EC0039FF2E /* MTLReflection.m in Sources */ = {isa = PBXBuildFile; fileRef = 287BE3511BE709EC0039FF2E /* MTLReflection.m */; };
		287BE36E1BE709EC0039FF2E /* MTLTransformerErrorHandling.m in Sources */ = {isa = PBXBuildFile; fileRef = 287BE3531BE709EC0039FF2E /* MTLTransformerErrorHandling.m */; };
		287BE36F1BE709EC0039FF2E /* MTLValueTransformer.m in Sources */ = {isa = PBXBuildFile; fileRef = 287BE3551BE709EC0039FF2E /* MTLValueTransformer.m */; };
		287BE3701BE709EC0039FF2E /* NSArray+MTLManipulationAdditions.m in Sources */ = {isa = PBXBuildFile; fileRef = 287BE3571BE709EC0039FF2E /* NSArray+MTLManipulationAdditions.m */; };
		287BE3711BE709EC0039FF2E /* NSDictionary+MTLJSONKeyPath.m in Sources */ = {isa = PBXBuildFile; fileRef = 287BE3591BE709EC0039FF2E /* NSDictionary+MTLJSONKeyPath.m */; };
		287BE3721BE709EC0039FF2E /* NSDictionary+MTLManipulationAdditions.m in Sources */ = {isa = PBXBuildFile; fileRef = 287BE35B1BE709EC0039FF2E /* NSDictionary+MTLManipulationAdditions.m */; };
		287BE3731BE709EC0039FF2E /* NSDictionary+MTLMappingAdditions.m in Sources */ = {isa = PBXBuildFile; fileRef = 287BE35D1BE709EC0039FF2E /* NSDictionary+MTLMappingAdditions.m */; };
		287BE3741BE709EC0039FF2E /* NSError+MTLModelException.m in Sources */ = {isa = PBXBuildFile; fileRef = 287BE35F1BE709EC0039FF2E /* NSError+MTLModelException.m */; };
		287BE3751BE709EC0039FF2E /* NSObject+MTLComparisonAdditions.m in Sources */ = {isa = PBXBuildFile; fileRef = 287BE3611BE709EC0039FF2E /* NSObject+MTLComparisonAdditions.m */; };
		287BE3761BE709EC0039FF2E /* NSValueTransformer+MTLInversionAdditions.m in Sources */ = {isa = PBXBuildFile; fileRef = 287BE3631BE709EC0039FF2E /* NSValueTransformer+MTLInversionAdditions.m */; };
		287BE3771BE709EC0039FF2E /* NSValueTransformer+MTLPredefinedTransformerAdditions.m in Sources */ = {isa = PBXBuildFile; fileRef = 287BE3651BE709EC0039FF2E /* NSValueTransformer+MTLPredefinedTransformerAdditions.m */; };
		287BE3841BE70C300039FF2E /* JJMantleTest.json in Resources */ = {isa = PBXBuildFile; fileRef = 287BE3801BE70C300039FF2E /* JJMantleTest.json */; };
		287BE3851BE70CAC0039FF2E /* JJMantle+Test.m in Sources */ = {isa = PBXBuildFile; fileRef = 287BE37F1BE70C300039FF2E /* JJMantle+Test.m */; };
		28FD468D1BE6F285007C536B /* AppDelegate.swift in Sources */ = {isa = PBXBuildFile; fileRef = 28FD468C1BE6F285007C536B /* AppDelegate.swift */; };
		28FD468F1BE6F285007C536B /* ViewController.swift in Sources */ = {isa = PBXBuildFile; fileRef = 28FD468E1BE6F285007C536B /* ViewController.swift */; };
		28FD46921BE6F285007C536B /* Main.storyboard in Resources */ = {isa = PBXBuildFile; fileRef = 28FD46901BE6F285007C536B /* Main.storyboard */; };
		28FD46941BE6F285007C536B /* Assets.xcassets in Resources */ = {isa = PBXBuildFile; fileRef = 28FD46931BE6F285007C536B /* Assets.xcassets */; };
		28FD46971BE6F285007C536B /* LaunchScreen.storyboard in Resources */ = {isa = PBXBuildFile; fileRef = 28FD46951BE6F285007C536B /* LaunchScreen.storyboard */; };
		28FD46A21BE6F285007C536B /* JJiOSToolTests.swift in Sources */ = {isa = PBXBuildFile; fileRef = 28FD46A11BE6F285007C536B /* JJiOSToolTests.swift */; };
		28FD46AD1BE6F285007C536B /* JJiOSToolUITests.swift in Sources */ = {isa = PBXBuildFile; fileRef = 28FD46AC1BE6F285007C536B /* JJiOSToolUITests.swift */; };
		28FD46EF1BE6F7A5007C536B /* CAAnimation+JJ.m in Sources */ = {isa = PBXBuildFile; fileRef = 28FD46BE1BE6F7A5007C536B /* CAAnimation+JJ.m */; };
		28FD46F01BE6F7A5007C536B /* CABasicAnimation+JJ.m in Sources */ = {isa = PBXBuildFile; fileRef = 28FD46C01BE6F7A5007C536B /* CABasicAnimation+JJ.m */; };
		28FD46F11BE6F7A5007C536B /* CSSearchableIndex+JJ.m in Sources */ = {isa = PBXBuildFile; fileRef = 28FD46C21BE6F7A5007C536B /* CSSearchableIndex+JJ.m */; };
		28FD46F21BE6F7A5007C536B /* NSArray+JJ.m in Sources */ = {isa = PBXBuildFile; fileRef = 28FD46C51BE6F7A5007C536B /* NSArray+JJ.m */; };
		28FD46F31BE6F7A5007C536B /* NSData+JJ.m in Sources */ = {isa = PBXBuildFile; fileRef = 28FD46C71BE6F7A5007C536B /* NSData+JJ.m */; };
		28FD46F41BE6F7A5007C536B /* NSDate+JJ.m in Sources */ = {isa = PBXBuildFile; fileRef = 28FD46C91BE6F7A5007C536B /* NSDate+JJ.m */; };
		28FD46F51BE6F7A5007C536B /* NSDictionary+JJ.m in Sources */ = {isa = PBXBuildFile; fileRef = 28FD46CB1BE6F7A5007C536B /* NSDictionary+JJ.m */; };
		28FD46F61BE6F7A5007C536B /* NSFileManager+JJ.m in Sources */ = {isa = PBXBuildFile; fileRef = 28FD46CD1BE6F7A5007C536B /* NSFileManager+JJ.m */; };
		28FD46F71BE6F7A5007C536B /* NSIndexPath+JJ.m in Sources */ = {isa = PBXBuildFile; fileRef = 28FD46CF1BE6F7A5007C536B /* NSIndexPath+JJ.m */; };
		28FD46F81BE6F7A5007C536B /* NSMutableArray+JJ.m in Sources */ = {isa = PBXBuildFile; fileRef = 28FD46D11BE6F7A5007C536B /* NSMutableArray+JJ.m */; };
		28FD46F91BE6F7A5007C536B /* NSMutableDictionary+JJ.m in Sources */ = {isa = PBXBuildFile; fileRef = 28FD46D31BE6F7A5007C536B /* NSMutableDictionary+JJ.m */; };
		28FD46FA1BE6F7A5007C536B /* NSObject+JJ.m in Sources */ = {isa = PBXBuildFile; fileRef = 28FD46D51BE6F7A5007C536B /* NSObject+JJ.m */; };
		28FD46FB1BE6F7A5007C536B /* NSString+JJ.m in Sources */ = {isa = PBXBuildFile; fileRef = 28FD46D71BE6F7A5007C536B /* NSString+JJ.m */; };
		28FD46FC1BE6F7A5007C536B /* NSTimer+JJ.m in Sources */ = {isa = PBXBuildFile; fileRef = 28FD46D91BE6F7A5007C536B /* NSTimer+JJ.m */; };
		28FD46FD1BE6F7A5007C536B /* NSUserActivity+JJ.m in Sources */ = {isa = PBXBuildFile; fileRef = 28FD46DB1BE6F7A5007C536B /* NSUserActivity+JJ.m */; };
		28FD46FE1BE6F7A5007C536B /* UIAlertController+JJ.m in Sources */ = {isa = PBXBuildFile; fileRef = 28FD46DD1BE6F7A5007C536B /* UIAlertController+JJ.m */; };
		28FD46FF1BE6F7A5007C536B /* UIApplication+JJ.m in Sources */ = {isa = PBXBuildFile; fileRef = 28FD46DF1BE6F7A5007C536B /* UIApplication+JJ.m */; };
		28FD47001BE6F7A5007C536B /* UIColor+JJ.m in Sources */ = {isa = PBXBuildFile; fileRef = 28FD46E11BE6F7A5007C536B /* UIColor+JJ.m */; };
		28FD47011BE6F7A5007C536B /* UIDevice+JJ.m in Sources */ = {isa = PBXBuildFile; fileRef = 28FD46E31BE6F7A5007C536B /* UIDevice+JJ.m */; };
		28FD47021BE6F7A5007C536B /* UIGestureRecognizer+JJ.m in Sources */ = {isa = PBXBuildFile; fileRef = 28FD46E51BE6F7A5007C536B /* UIGestureRecognizer+JJ.m */; };
		28FD47031BE6F7A5007C536B /* UIImage+JJ.m in Sources */ = {isa = PBXBuildFile; fileRef = 28FD46E71BE6F7A5007C536B /* UIImage+JJ.m */; };
		28FD47041BE6F7A5007C536B /* UIImageView+JJ.m in Sources */ = {isa = PBXBuildFile; fileRef = 28FD46E91BE6F7A5007C536B /* UIImageView+JJ.m */; };
		28FD47051BE6F7A5007C536B /* UIScrollView+JJ.m in Sources */ = {isa = PBXBuildFile; fileRef = 28FD46EB1BE6F7A5007C536B /* UIScrollView+JJ.m */; };
		28FD47061BE6F7A5007C536B /* UIView+JJ.m in Sources */ = {isa = PBXBuildFile; fileRef = 28FD46ED1BE6F7A5007C536B /* UIView+JJ.m */; };
		28FD47081BE6F7EA007C536B /* libz.dylib in Frameworks */ = {isa = PBXBuildFile; fileRef = 28FD47071BE6F7EA007C536B /* libz.dylib */; };
		28FD470F1BE6F88D007C536B /* NSData+JJ_Zip.m in Sources */ = {isa = PBXBuildFile; fileRef = 28FD470E1BE6F88D007C536B /* NSData+JJ_Zip.m */; };
/* End PBXBuildFile section */

/* Begin PBXContainerItemProxy section */
		28FD469E1BE6F285007C536B /* PBXContainerItemProxy */ = {
			isa = PBXContainerItemProxy;
			containerPortal = 28FD46811BE6F285007C536B /* Project object */;
			proxyType = 1;
			remoteGlobalIDString = 28FD46881BE6F285007C536B;
			remoteInfo = JJiOSTool;
		};
		28FD46A91BE6F285007C536B /* PBXContainerItemProxy */ = {
			isa = PBXContainerItemProxy;
			containerPortal = 28FD46811BE6F285007C536B /* Project object */;
			proxyType = 1;
			remoteGlobalIDString = 28FD46881BE6F285007C536B;
			remoteInfo = JJiOSTool;
		};
/* End PBXContainerItemProxy section */

/* Begin PBXFileReference section */
		287BE16A1BE703640039FF2E /* NSData+MKBase64.h */ = {isa = PBXFileReference; fileEncoding = 4; lastKnownFileType = sourcecode.c.h; path = "NSData+MKBase64.h"; sourceTree = "<group>"; };
		287BE16B1BE703640039FF2E /* NSData+MKBase64.m */ = {isa = PBXFileReference; fileEncoding = 4; lastKnownFileType = sourcecode.c.objc; path = "NSData+MKBase64.m"; sourceTree = "<group>"; };
		287BE16C1BE703640039FF2E /* NSDate+RFC1123.h */ = {isa = PBXFileReference; fileEncoding = 4; lastKnownFileType = sourcecode.c.h; path = "NSDate+RFC1123.h"; sourceTree = "<group>"; };
		287BE16D1BE703640039FF2E /* NSDate+RFC1123.m */ = {isa = PBXFileReference; fileEncoding = 4; lastKnownFileType = sourcecode.c.objc; path = "NSDate+RFC1123.m"; sourceTree = "<group>"; };
		287BE16E1BE703640039FF2E /* NSDictionary+RequestEncoding.h */ = {isa = PBXFileReference; fileEncoding = 4; lastKnownFileType = sourcecode.c.h; path = "NSDictionary+RequestEncoding.h"; sourceTree = "<group>"; };
		287BE16F1BE703640039FF2E /* NSDictionary+RequestEncoding.m */ = {isa = PBXFileReference; fileEncoding = 4; lastKnownFileType = sourcecode.c.objc; path = "NSDictionary+RequestEncoding.m"; sourceTree = "<group>"; };
		287BE1701BE703640039FF2E /* NSString+MKNetworkKitAdditions.h */ = {isa = PBXFileReference; fileEncoding = 4; lastKnownFileType = sourcecode.c.h; path = "NSString+MKNetworkKitAdditions.h"; sourceTree = "<group>"; };
		287BE1711BE703640039FF2E /* NSString+MKNetworkKitAdditions.m */ = {isa = PBXFileReference; fileEncoding = 4; lastKnownFileType = sourcecode.c.objc; path = "NSString+MKNetworkKitAdditions.m"; sourceTree = "<group>"; };
		287BE1721BE703640039FF2E /* UIAlertView+MKNetworkKitAdditions.h */ = {isa = PBXFileReference; fileEncoding = 4; lastKnownFileType = sourcecode.c.h; path = "UIAlertView+MKNetworkKitAdditions.h"; sourceTree = "<group>"; };
		287BE1731BE703640039FF2E /* UIAlertView+MKNetworkKitAdditions.m */ = {isa = PBXFileReference; fileEncoding = 4; lastKnownFileType = sourcecode.c.objc; path = "UIAlertView+MKNetworkKitAdditions.m"; sourceTree = "<group>"; };
		287BE1741BE703640039FF2E /* MKNetworkEngine.h */ = {isa = PBXFileReference; fileEncoding = 4; lastKnownFileType = sourcecode.c.h; path = MKNetworkEngine.h; sourceTree = "<group>"; };
		287BE1751BE703640039FF2E /* MKNetworkEngine.m */ = {isa = PBXFileReference; fileEncoding = 4; lastKnownFileType = sourcecode.c.objc; path = MKNetworkEngine.m; sourceTree = "<group>"; };
		287BE1761BE703640039FF2E /* MKNetworkKit.h */ = {isa = PBXFileReference; fileEncoding = 4; lastKnownFileType = sourcecode.c.h; path = MKNetworkKit.h; sourceTree = "<group>"; };
		287BE1771BE703640039FF2E /* MKNetworkOperation.h */ = {isa = PBXFileReference; fileEncoding = 4; lastKnownFileType = sourcecode.c.h; path = MKNetworkOperation.h; sourceTree = "<group>"; };
		287BE1781BE703640039FF2E /* MKNetworkOperation.m */ = {isa = PBXFileReference; fileEncoding = 4; lastKnownFileType = sourcecode.c.objc; path = MKNetworkOperation.m; sourceTree = "<group>"; };
		287BE17A1BE703640039FF2E /* Reachability.h */ = {isa = PBXFileReference; fileEncoding = 4; lastKnownFileType = sourcecode.c.h; path = Reachability.h; sourceTree = "<group>"; };
		287BE17B1BE703640039FF2E /* Reachability.m */ = {isa = PBXFileReference; fileEncoding = 4; lastKnownFileType = sourcecode.c.objc; path = Reachability.m; sourceTree = "<group>"; };
		287BE30B1BE703EB0039FF2E /* JJiOSTool-Prefix.pch */ = {isa = PBXFileReference; fileEncoding = 4; lastKnownFileType = sourcecode.c.h; path = "JJiOSTool-Prefix.pch"; sourceTree = "<group>"; };
		287BE3191BE708D10039FF2E /* JSONModel.h */ = {isa = PBXFileReference; fileEncoding = 4; lastKnownFileType = sourcecode.c.h; path = JSONModel.h; sourceTree = "<group>"; };
		287BE31A1BE708D10039FF2E /* JSONModel.m */ = {isa = PBXFileReference; fileEncoding = 4; lastKnownFileType = sourcecode.c.objc; path = JSONModel.m; sourceTree = "<group>"; };
		287BE31B1BE708D10039FF2E /* JSONModelArray.h */ = {isa = PBXFileReference; fileEncoding = 4; lastKnownFileType = sourcecode.c.h; path = JSONModelArray.h; sourceTree = "<group>"; };
		287BE31C1BE708D10039FF2E /* JSONModelArray.m */ = {isa = PBXFileReference; fileEncoding = 4; lastKnownFileType = sourcecode.c.objc; path = JSONModelArray.m; sourceTree = "<group>"; };
		287BE31D1BE708D10039FF2E /* JSONModelClassProperty.h */ = {isa = PBXFileReference; fileEncoding = 4; lastKnownFileType = sourcecode.c.h; path = JSONModelClassProperty.h; sourceTree = "<group>"; };
		287BE31E1BE708D10039FF2E /* JSONModelClassProperty.m */ = {isa = PBXFileReference; fileEncoding = 4; lastKnownFileType = sourcecode.c.objc; path = JSONModelClassProperty.m; sourceTree = "<group>"; };
		287BE31F1BE708D10039FF2E /* JSONModelError.h */ = {isa = PBXFileReference; fileEncoding = 4; lastKnownFileType = sourcecode.c.h; path = JSONModelError.h; sourceTree = "<group>"; };
		287BE3201BE708D10039FF2E /* JSONModelError.m */ = {isa = PBXFileReference; fileEncoding = 4; lastKnownFileType = sourcecode.c.objc; path = JSONModelError.m; sourceTree = "<group>"; };
		287BE3221BE708D10039FF2E /* NSArray+JSONModel.h */ = {isa = PBXFileReference; fileEncoding = 4; lastKnownFileType = sourcecode.c.h; path = "NSArray+JSONModel.h"; sourceTree = "<group>"; };
		287BE3231BE708D10039FF2E /* NSArray+JSONModel.m */ = {isa = PBXFileReference; fileEncoding = 4; lastKnownFileType = sourcecode.c.objc; path = "NSArray+JSONModel.m"; sourceTree = "<group>"; };
		287BE3241BE708D10039FF2E /* JSONModelLib.h */ = {isa = PBXFileReference; fileEncoding = 4; lastKnownFileType = sourcecode.c.h; path = JSONModelLib.h; sourceTree = "<group>"; };
		287BE3261BE708D10039FF2E /* JSONAPI.h */ = {isa = PBXFileReference; fileEncoding = 4; lastKnownFileType = sourcecode.c.h; path = JSONAPI.h; sourceTree = "<group>"; };
		287BE3271BE708D10039FF2E /* JSONAPI.m */ = {isa = PBXFileReference; fileEncoding = 4; lastKnownFileType = sourcecode.c.objc; path = JSONAPI.m; sourceTree = "<group>"; };
		287BE3281BE708D10039FF2E /* JSONHTTPClient.h */ = {isa = PBXFileReference; fileEncoding = 4; lastKnownFileType = sourcecode.c.h; path = JSONHTTPClient.h; sourceTree = "<group>"; };
		287BE3291BE708D10039FF2E /* JSONHTTPClient.m */ = {isa = PBXFileReference; fileEncoding = 4; lastKnownFileType = sourcecode.c.objc; path = JSONHTTPClient.m; sourceTree = "<group>"; };
		287BE32A1BE708D10039FF2E /* JSONModel+networking.h */ = {isa = PBXFileReference; fileEncoding = 4; lastKnownFileType = sourcecode.c.h; path = "JSONModel+networking.h"; sourceTree = "<group>"; };
		287BE32B1BE708D10039FF2E /* JSONModel+networking.m */ = {isa = PBXFileReference; fileEncoding = 4; lastKnownFileType = sourcecode.c.objc; path = "JSONModel+networking.m"; sourceTree = "<group>"; };
		287BE32D1BE708D10039FF2E /* JSONKeyMapper.h */ = {isa = PBXFileReference; fileEncoding = 4; lastKnownFileType = sourcecode.c.h; path = JSONKeyMapper.h; sourceTree = "<group>"; };
		287BE32E1BE708D10039FF2E /* JSONKeyMapper.m */ = {isa = PBXFileReference; fileEncoding = 4; lastKnownFileType = sourcecode.c.objc; path = JSONKeyMapper.m; sourceTree = "<group>"; };
		287BE32F1BE708D10039FF2E /* JSONValueTransformer.h */ = {isa = PBXFileReference; fileEncoding = 4; lastKnownFileType = sourcecode.c.h; path = JSONValueTransformer.h; sourceTree = "<group>"; };
		287BE3301BE708D10039FF2E /* JSONValueTransformer.m */ = {isa = PBXFileReference; fileEncoding = 4; lastKnownFileType = sourcecode.c.objc; path = JSONValueTransformer.m; sourceTree = "<group>"; };
		287BE33F1BE709EC0039FF2E /* JJMantleHeader.h */ = {isa = PBXFileReference; fileEncoding = 4; lastKnownFileType = sourcecode.c.h; path = JJMantleHeader.h; sourceTree = "<group>"; };
		287BE3431BE709EC0039FF2E /* EXTKeyPathCoding.h */ = {isa = PBXFileReference; fileEncoding = 4; lastKnownFileType = sourcecode.c.h; path = EXTKeyPathCoding.h; sourceTree = "<group>"; };
		287BE3441BE709EC0039FF2E /* EXTRuntimeExtensions.h */ = {isa = PBXFileReference; fileEncoding = 4; lastKnownFileType = sourcecode.c.h; path = EXTRuntimeExtensions.h; sourceTree = "<group>"; };
		287BE3451BE709EC0039FF2E /* EXTRuntimeExtensions.m */ = {isa = PBXFileReference; fileEncoding = 4; lastKnownFileType = sourcecode.c.objc; path = EXTRuntimeExtensions.m; sourceTree = "<group>"; };
		287BE3461BE709EC0039FF2E /* EXTScope.h */ = {isa = PBXFileReference; fileEncoding = 4; lastKnownFileType = sourcecode.c.h; path = EXTScope.h; sourceTree = "<group>"; };
		287BE3471BE709EC0039FF2E /* EXTScope.m */ = {isa = PBXFileReference; fileEncoding = 4; lastKnownFileType = sourcecode.c.objc; path = EXTScope.m; sourceTree = "<group>"; };
		287BE3481BE709EC0039FF2E /* metamacros.h */ = {isa = PBXFileReference; fileEncoding = 4; lastKnownFileType = sourcecode.c.h; path = metamacros.h; sourceTree = "<group>"; };
		287BE3491BE709EC0039FF2E /* Mantle.h */ = {isa = PBXFileReference; fileEncoding = 4; lastKnownFileType = sourcecode.c.h; path = Mantle.h; sourceTree = "<group>"; };
		287BE34A1BE709EC0039FF2E /* MTLJSONAdapter.h */ = {isa = PBXFileReference; fileEncoding = 4; lastKnownFileType = sourcecode.c.h; path = MTLJSONAdapter.h; sourceTree = "<group>"; };
		287BE34B1BE709EC0039FF2E /* MTLJSONAdapter.m */ = {isa = PBXFileReference; fileEncoding = 4; lastKnownFileType = sourcecode.c.objc; path = MTLJSONAdapter.m; sourceTree = "<group>"; };
		287BE34C1BE709EC0039FF2E /* MTLModel+NSCoding.h */ = {isa = PBXFileReference; fileEncoding = 4; lastKnownFileType = sourcecode.c.h; path = "MTLModel+NSCoding.h"; sourceTree = "<group>"; };
		287BE34D1BE709EC0039FF2E /* MTLModel+NSCoding.m */ = {isa = PBXFileReference; fileEncoding = 4; lastKnownFileType = sourcecode.c.objc; path = "MTLModel+NSCoding.m"; sourceTree = "<group>"; };
		287BE34E1BE709EC0039FF2E /* MTLModel.h */ = {isa = PBXFileReference; fileEncoding = 4; lastKnownFileType = sourcecode.c.h; path = MTLModel.h; sourceTree = "<group>"; };
		287BE34F1BE709EC0039FF2E /* MTLModel.m */ = {isa = PBXFileReference; fileEncoding = 4; lastKnownFileType = sourcecode.c.objc; path = MTLModel.m; sourceTree = "<group>"; };
		287BE3501BE709EC0039FF2E /* MTLReflection.h */ = {isa = PBXFileReference; fileEncoding = 4; lastKnownFileType = sourcecode.c.h; path = MTLReflection.h; sourceTree = "<group>"; };
		287BE3511BE709EC0039FF2E /* MTLReflection.m */ = {isa = PBXFileReference; fileEncoding = 4; lastKnownFileType = sourcecode.c.objc; path = MTLReflection.m; sourceTree = "<group>"; };
		287BE3521BE709EC0039FF2E /* MTLTransformerErrorHandling.h */ = {isa = PBXFileReference; fileEncoding = 4; lastKnownFileType = sourcecode.c.h; path = MTLTransformerErrorHandling.h; sourceTree = "<group>"; };
		287BE3531BE709EC0039FF2E /* MTLTransformerErrorHandling.m */ = {isa = PBXFileReference; fileEncoding = 4; lastKnownFileType = sourcecode.c.objc; path = MTLTransformerErrorHandling.m; sourceTree = "<group>"; };
		287BE3541BE709EC0039FF2E /* MTLValueTransformer.h */ = {isa = PBXFileReference; fileEncoding = 4; lastKnownFileType = sourcecode.c.h; path = MTLValueTransformer.h; sourceTree = "<group>"; };
		287BE3551BE709EC0039FF2E /* MTLValueTransformer.m */ = {isa = PBXFileReference; fileEncoding = 4; lastKnownFileType = sourcecode.c.objc; path = MTLValueTransformer.m; sourceTree = "<group>"; };
		287BE3561BE709EC0039FF2E /* NSArray+MTLManipulationAdditions.h */ = {isa = PBXFileReference; fileEncoding = 4; lastKnownFileType = sourcecode.c.h; path = "NSArray+MTLManipulationAdditions.h"; sourceTree = "<group>"; };
		287BE3571BE709EC0039FF2E /* NSArray+MTLManipulationAdditions.m */ = {isa = PBXFileReference; fileEncoding = 4; lastKnownFileType = sourcecode.c.objc; path = "NSArray+MTLManipulationAdditions.m"; sourceTree = "<group>"; };
		287BE3581BE709EC0039FF2E /* NSDictionary+MTLJSONKeyPath.h */ = {isa = PBXFileReference; fileEncoding = 4; lastKnownFileType = sourcecode.c.h; path = "NSDictionary+MTLJSONKeyPath.h"; sourceTree = "<group>"; };
		287BE3591BE709EC0039FF2E /* NSDictionary+MTLJSONKeyPath.m */ = {isa = PBXFileReference; fileEncoding = 4; lastKnownFileType = sourcecode.c.objc; path = "NSDictionary+MTLJSONKeyPath.m"; sourceTree = "<group>"; };
		287BE35A1BE709EC0039FF2E /* NSDictionary+MTLManipulationAdditions.h */ = {isa = PBXFileReference; fileEncoding = 4; lastKnownFileType = sourcecode.c.h; path = "NSDictionary+MTLManipulationAdditions.h"; sourceTree = "<group>"; };
		287BE35B1BE709EC0039FF2E /* NSDictionary+MTLManipulationAdditions.m */ = {isa = PBXFileReference; fileEncoding = 4; lastKnownFileType = sourcecode.c.objc; path = "NSDictionary+MTLManipulationAdditions.m"; sourceTree = "<group>"; };
		287BE35C1BE709EC0039FF2E /* NSDictionary+MTLMappingAdditions.h */ = {isa = PBXFileReference; fileEncoding = 4; lastKnownFileType = sourcecode.c.h; path = "NSDictionary+MTLMappingAdditions.h"; sourceTree = "<group>"; };
		287BE35D1BE709EC0039FF2E /* NSDictionary+MTLMappingAdditions.m */ = {isa = PBXFileReference; fileEncoding = 4; lastKnownFileType = sourcecode.c.objc; path = "NSDictionary+MTLMappingAdditions.m"; sourceTree = "<group>"; };
		287BE35E1BE709EC0039FF2E /* NSError+MTLModelException.h */ = {isa = PBXFileReference; fileEncoding = 4; lastKnownFileType = sourcecode.c.h; path = "NSError+MTLModelException.h"; sourceTree = "<group>"; };
		287BE35F1BE709EC0039FF2E /* NSError+MTLModelException.m */ = {isa = PBXFileReference; fileEncoding = 4; lastKnownFileType = sourcecode.c.objc; path = "NSError+MTLModelException.m"; sourceTree = "<group>"; };
		287BE3601BE709EC0039FF2E /* NSObject+MTLComparisonAdditions.h */ = {isa = PBXFileReference; fileEncoding = 4; lastKnownFileType = sourcecode.c.h; path = "NSObject+MTLComparisonAdditions.h"; sourceTree = "<group>"; };
		287BE3611BE709EC0039FF2E /* NSObject+MTLComparisonAdditions.m */ = {isa = PBXFileReference; fileEncoding = 4; lastKnownFileType = sourcecode.c.objc; path = "NSObject+MTLComparisonAdditions.m"; sourceTree = "<group>"; };
		287BE3621BE709EC0039FF2E /* NSValueTransformer+MTLInversionAdditions.h */ = {isa = PBXFileReference; fileEncoding = 4; lastKnownFileType = sourcecode.c.h; path = "NSValueTransformer+MTLInversionAdditions.h"; sourceTree = "<group>"; };
		287BE3631BE709EC0039FF2E /* NSValueTransformer+MTLInversionAdditions.m */ = {isa = PBXFileReference; fileEncoding = 4; lastKnownFileType = sourcecode.c.objc; path = "NSValueTransformer+MTLInversionAdditions.m"; sourceTree = "<group>"; };
		287BE3641BE709EC0039FF2E /* NSValueTransformer+MTLPredefinedTransformerAdditions.h */ = {isa = PBXFileReference; fileEncoding = 4; lastKnownFileType = sourcecode.c.h; path = "NSValueTransformer+MTLPredefinedTransformerAdditions.h"; sourceTree = "<group>"; };
		287BE3651BE709EC0039FF2E /* NSValueTransformer+MTLPredefinedTransformerAdditions.m */ = {isa = PBXFileReference; fileEncoding = 4; lastKnownFileType = sourcecode.c.objc; path = "NSValueTransformer+MTLPredefinedTransformerAdditions.m"; sourceTree = "<group>"; };
		287BE37E1BE70C300039FF2E /* JJMantle+Test.h */ = {isa = PBXFileReference; fileEncoding = 4; lastKnownFileType = sourcecode.c.h; path = "JJMantle+Test.h"; sourceTree = "<group>"; };
		287BE37F1BE70C300039FF2E /* JJMantle+Test.m */ = {isa = PBXFileReference; fileEncoding = 4; lastKnownFileType = sourcecode.c.objc; path = "JJMantle+Test.m"; sourceTree = "<group>"; };
		287BE3801BE70C300039FF2E /* JJMantleTest.json */ = {isa = PBXFileReference; fileEncoding = 4; lastKnownFileType = text.json; path = JJMantleTest.json; sourceTree = "<group>"; };
		28FD46891BE6F285007C536B /* JJiOSTool.app */ = {isa = PBXFileReference; explicitFileType = wrapper.application; includeInIndex = 0; path = JJiOSTool.app; sourceTree = BUILT_PRODUCTS_DIR; };
		28FD468C1BE6F285007C536B /* AppDelegate.swift */ = {isa = PBXFileReference; lastKnownFileType = sourcecode.swift; path = AppDelegate.swift; sourceTree = "<group>"; };
		28FD468E1BE6F285007C536B /* ViewController.swift */ = {isa = PBXFileReference; lastKnownFileType = sourcecode.swift; path = ViewController.swift; sourceTree = "<group>"; };
		28FD46911BE6F285007C536B /* Base */ = {isa = PBXFileReference; lastKnownFileType = file.storyboard; name = Base; path = Base.lproj/Main.storyboard; sourceTree = "<group>"; };
		28FD46931BE6F285007C536B /* Assets.xcassets */ = {isa = PBXFileReference; lastKnownFileType = folder.assetcatalog; path = Assets.xcassets; sourceTree = "<group>"; };
		28FD46961BE6F285007C536B /* Base */ = {isa = PBXFileReference; lastKnownFileType = file.storyboard; name = Base; path = Base.lproj/LaunchScreen.storyboard; sourceTree = "<group>"; };
		28FD46981BE6F285007C536B /* Info.plist */ = {isa = PBXFileReference; lastKnownFileType = text.plist.xml; path = Info.plist; sourceTree = "<group>"; };
		28FD469D1BE6F285007C536B /* JJiOSToolTests.xctest */ = {isa = PBXFileReference; explicitFileType = wrapper.cfbundle; includeInIndex = 0; path = JJiOSToolTests.xctest; sourceTree = BUILT_PRODUCTS_DIR; };
		28FD46A11BE6F285007C536B /* JJiOSToolTests.swift */ = {isa = PBXFileReference; lastKnownFileType = sourcecode.swift; path = JJiOSToolTests.swift; sourceTree = "<group>"; };
		28FD46A31BE6F285007C536B /* Info.plist */ = {isa = PBXFileReference; lastKnownFileType = text.plist.xml; path = Info.plist; sourceTree = "<group>"; };
		28FD46A81BE6F285007C536B /* JJiOSToolUITests.xctest */ = {isa = PBXFileReference; explicitFileType = wrapper.cfbundle; includeInIndex = 0; path = JJiOSToolUITests.xctest; sourceTree = BUILT_PRODUCTS_DIR; };
		28FD46AC1BE6F285007C536B /* JJiOSToolUITests.swift */ = {isa = PBXFileReference; lastKnownFileType = sourcecode.swift; path = JJiOSToolUITests.swift; sourceTree = "<group>"; };
		28FD46AE1BE6F285007C536B /* Info.plist */ = {isa = PBXFileReference; lastKnownFileType = text.plist.xml; path = Info.plist; sourceTree = "<group>"; };
		28FD46BD1BE6F7A5007C536B /* CAAnimation+JJ.h */ = {isa = PBXFileReference; fileEncoding = 4; lastKnownFileType = sourcecode.c.h; path = "CAAnimation+JJ.h"; sourceTree = "<group>"; };
		28FD46BE1BE6F7A5007C536B /* CAAnimation+JJ.m */ = {isa = PBXFileReference; fileEncoding = 4; lastKnownFileType = sourcecode.c.objc; path = "CAAnimation+JJ.m"; sourceTree = "<group>"; };
		28FD46BF1BE6F7A5007C536B /* CABasicAnimation+JJ.h */ = {isa = PBXFileReference; fileEncoding = 4; lastKnownFileType = sourcecode.c.h; path = "CABasicAnimation+JJ.h"; sourceTree = "<group>"; };
		28FD46C01BE6F7A5007C536B /* CABasicAnimation+JJ.m */ = {isa = PBXFileReference; fileEncoding = 4; lastKnownFileType = sourcecode.c.objc; path = "CABasicAnimation+JJ.m"; sourceTree = "<group>"; };
		28FD46C11BE6F7A5007C536B /* CSSearchableIndex+JJ.h */ = {isa = PBXFileReference; fileEncoding = 4; lastKnownFileType = sourcecode.c.h; path = "CSSearchableIndex+JJ.h"; sourceTree = "<group>"; };
		28FD46C21BE6F7A5007C536B /* CSSearchableIndex+JJ.m */ = {isa = PBXFileReference; fileEncoding = 4; lastKnownFileType = sourcecode.c.objc; path = "CSSearchableIndex+JJ.m"; sourceTree = "<group>"; };
		28FD46C31BE6F7A5007C536B /* JJCategory.h */ = {isa = PBXFileReference; fileEncoding = 4; lastKnownFileType = sourcecode.c.h; path = JJCategory.h; sourceTree = "<group>"; };
		28FD46C41BE6F7A5007C536B /* NSArray+JJ.h */ = {isa = PBXFileReference; fileEncoding = 4; lastKnownFileType = sourcecode.c.h; path = "NSArray+JJ.h"; sourceTree = "<group>"; };
		28FD46C51BE6F7A5007C536B /* NSArray+JJ.m */ = {isa = PBXFileReference; fileEncoding = 4; lastKnownFileType = sourcecode.c.objc; path = "NSArray+JJ.m"; sourceTree = "<group>"; };
		28FD46C61BE6F7A5007C536B /* NSData+JJ.h */ = {isa = PBXFileReference; fileEncoding = 4; lastKnownFileType = sourcecode.c.h; path = "NSData+JJ.h"; sourceTree = "<group>"; };
		28FD46C71BE6F7A5007C536B /* NSData+JJ.m */ = {isa = PBXFileReference; fileEncoding = 4; lastKnownFileType = sourcecode.c.objc; path = "NSData+JJ.m"; sourceTree = "<group>"; };
		28FD46C81BE6F7A5007C536B /* NSDate+JJ.h */ = {isa = PBXFileReference; fileEncoding = 4; lastKnownFileType = sourcecode.c.h; path = "NSDate+JJ.h"; sourceTree = "<group>"; };
		28FD46C91BE6F7A5007C536B /* NSDate+JJ.m */ = {isa = PBXFileReference; fileEncoding = 4; lastKnownFileType = sourcecode.c.objc; path = "NSDate+JJ.m"; sourceTree = "<group>"; };
		28FD46CA1BE6F7A5007C536B /* NSDictionary+JJ.h */ = {isa = PBXFileReference; fileEncoding = 4; lastKnownFileType = sourcecode.c.h; path = "NSDictionary+JJ.h"; sourceTree = "<group>"; };
		28FD46CB1BE6F7A5007C536B /* NSDictionary+JJ.m */ = {isa = PBXFileReference; fileEncoding = 4; lastKnownFileType = sourcecode.c.objc; path = "NSDictionary+JJ.m"; sourceTree = "<group>"; };
		28FD46CC1BE6F7A5007C536B /* NSFileManager+JJ.h */ = {isa = PBXFileReference; fileEncoding = 4; lastKnownFileType = sourcecode.c.h; path = "NSFileManager+JJ.h"; sourceTree = "<group>"; };
		28FD46CD1BE6F7A5007C536B /* NSFileManager+JJ.m */ = {isa = PBXFileReference; fileEncoding = 4; lastKnownFileType = sourcecode.c.objc; path = "NSFileManager+JJ.m"; sourceTree = "<group>"; };
		28FD46CE1BE6F7A5007C536B /* NSIndexPath+JJ.h */ = {isa = PBXFileReference; fileEncoding = 4; lastKnownFileType = sourcecode.c.h; path = "NSIndexPath+JJ.h"; sourceTree = "<group>"; };
		28FD46CF1BE6F7A5007C536B /* NSIndexPath+JJ.m */ = {isa = PBXFileReference; fileEncoding = 4; lastKnownFileType = sourcecode.c.objc; path = "NSIndexPath+JJ.m"; sourceTree = "<group>"; };
		28FD46D01BE6F7A5007C536B /* NSMutableArray+JJ.h */ = {isa = PBXFileReference; fileEncoding = 4; lastKnownFileType = sourcecode.c.h; path = "NSMutableArray+JJ.h"; sourceTree = "<group>"; };
		28FD46D11BE6F7A5007C536B /* NSMutableArray+JJ.m */ = {isa = PBXFileReference; fileEncoding = 4; lastKnownFileType = sourcecode.c.objc; path = "NSMutableArray+JJ.m"; sourceTree = "<group>"; };
		28FD46D21BE6F7A5007C536B /* NSMutableDictionary+JJ.h */ = {isa = PBXFileReference; fileEncoding = 4; lastKnownFileType = sourcecode.c.h; path = "NSMutableDictionary+JJ.h"; sourceTree = "<group>"; };
		28FD46D31BE6F7A5007C536B /* NSMutableDictionary+JJ.m */ = {isa = PBXFileReference; fileEncoding = 4; lastKnownFileType = sourcecode.c.objc; path = "NSMutableDictionary+JJ.m"; sourceTree = "<group>"; };
		28FD46D41BE6F7A5007C536B /* NSObject+JJ.h */ = {isa = PBXFileReference; fileEncoding = 4; lastKnownFileType = sourcecode.c.h; path = "NSObject+JJ.h"; sourceTree = "<group>"; };
		28FD46D51BE6F7A5007C536B /* NSObject+JJ.m */ = {isa = PBXFileReference; fileEncoding = 4; lastKnownFileType = sourcecode.c.objc; path = "NSObject+JJ.m"; sourceTree = "<group>"; };
		28FD46D61BE6F7A5007C536B /* NSString+JJ.h */ = {isa = PBXFileReference; fileEncoding = 4; lastKnownFileType = sourcecode.c.h; path = "NSString+JJ.h"; sourceTree = "<group>"; };
		28FD46D71BE6F7A5007C536B /* NSString+JJ.m */ = {isa = PBXFileReference; fileEncoding = 4; lastKnownFileType = sourcecode.c.objc; path = "NSString+JJ.m"; sourceTree = "<group>"; };
		28FD46D81BE6F7A5007C536B /* NSTimer+JJ.h */ = {isa = PBXFileReference; fileEncoding = 4; lastKnownFileType = sourcecode.c.h; path = "NSTimer+JJ.h"; sourceTree = "<group>"; };
		28FD46D91BE6F7A5007C536B /* NSTimer+JJ.m */ = {isa = PBXFileReference; fileEncoding = 4; lastKnownFileType = sourcecode.c.objc; path = "NSTimer+JJ.m"; sourceTree = "<group>"; };
		28FD46DA1BE6F7A5007C536B /* NSUserActivity+JJ.h */ = {isa = PBXFileReference; fileEncoding = 4; lastKnownFileType = sourcecode.c.h; path = "NSUserActivity+JJ.h"; sourceTree = "<group>"; };
		28FD46DB1BE6F7A5007C536B /* NSUserActivity+JJ.m */ = {isa = PBXFileReference; fileEncoding = 4; lastKnownFileType = sourcecode.c.objc; path = "NSUserActivity+JJ.m"; sourceTree = "<group>"; };
		28FD46DC1BE6F7A5007C536B /* UIAlertController+JJ.h */ = {isa = PBXFileReference; fileEncoding = 4; lastKnownFileType = sourcecode.c.h; path = "UIAlertController+JJ.h"; sourceTree = "<group>"; };
		28FD46DD1BE6F7A5007C536B /* UIAlertController+JJ.m */ = {isa = PBXFileReference; fileEncoding = 4; lastKnownFileType = sourcecode.c.objc; path = "UIAlertController+JJ.m"; sourceTree = "<group>"; };
		28FD46DE1BE6F7A5007C536B /* UIApplication+JJ.h */ = {isa = PBXFileReference; fileEncoding = 4; lastKnownFileType = sourcecode.c.h; path = "UIApplication+JJ.h"; sourceTree = "<group>"; };
		28FD46DF1BE6F7A5007C536B /* UIApplication+JJ.m */ = {isa = PBXFileReference; fileEncoding = 4; lastKnownFileType = sourcecode.c.objc; path = "UIApplication+JJ.m"; sourceTree = "<group>"; };
		28FD46E01BE6F7A5007C536B /* UIColor+JJ.h */ = {isa = PBXFileReference; fileEncoding = 4; lastKnownFileType = sourcecode.c.h; path = "UIColor+JJ.h"; sourceTree = "<group>"; };
		28FD46E11BE6F7A5007C536B /* UIColor+JJ.m */ = {isa = PBXFileReference; fileEncoding = 4; lastKnownFileType = sourcecode.c.objc; path = "UIColor+JJ.m"; sourceTree = "<group>"; };
		28FD46E21BE6F7A5007C536B /* UIDevice+JJ.h */ = {isa = PBXFileReference; fileEncoding = 4; lastKnownFileType = sourcecode.c.h; path = "UIDevice+JJ.h"; sourceTree = "<group>"; };
		28FD46E31BE6F7A5007C536B /* UIDevice+JJ.m */ = {isa = PBXFileReference; fileEncoding = 4; lastKnownFileType = sourcecode.c.objc; path = "UIDevice+JJ.m"; sourceTree = "<group>"; };
		28FD46E41BE6F7A5007C536B /* UIGestureRecognizer+JJ.h */ = {isa = PBXFileReference; fileEncoding = 4; lastKnownFileType = sourcecode.c.h; path = "UIGestureRecognizer+JJ.h"; sourceTree = "<group>"; };
		28FD46E51BE6F7A5007C536B /* UIGestureRecognizer+JJ.m */ = {isa = PBXFileReference; fileEncoding = 4; lastKnownFileType = sourcecode.c.objc; path = "UIGestureRecognizer+JJ.m"; sourceTree = "<group>"; };
		28FD46E61BE6F7A5007C536B /* UIImage+JJ.h */ = {isa = PBXFileReference; fileEncoding = 4; lastKnownFileType = sourcecode.c.h; path = "UIImage+JJ.h"; sourceTree = "<group>"; };
		28FD46E71BE6F7A5007C536B /* UIImage+JJ.m */ = {isa = PBXFileReference; fileEncoding = 4; lastKnownFileType = sourcecode.c.objc; path = "UIImage+JJ.m"; sourceTree = "<group>"; };
		28FD46E81BE6F7A5007C536B /* UIImageView+JJ.h */ = {isa = PBXFileReference; fileEncoding = 4; lastKnownFileType = sourcecode.c.h; path = "UIImageView+JJ.h"; sourceTree = "<group>"; };
		28FD46E91BE6F7A5007C536B /* UIImageView+JJ.m */ = {isa = PBXFileReference; fileEncoding = 4; lastKnownFileType = sourcecode.c.objc; path = "UIImageView+JJ.m"; sourceTree = "<group>"; };
		28FD46EA1BE6F7A5007C536B /* UIScrollView+JJ.h */ = {isa = PBXFileReference; fileEncoding = 4; lastKnownFileType = sourcecode.c.h; path = "UIScrollView+JJ.h"; sourceTree = "<group>"; };
		28FD46EB1BE6F7A5007C536B /* UIScrollView+JJ.m */ = {isa = PBXFileReference; fileEncoding = 4; lastKnownFileType = sourcecode.c.objc; path = "UIScrollView+JJ.m"; sourceTree = "<group>"; };
		28FD46EC1BE6F7A5007C536B /* UIView+JJ.h */ = {isa = PBXFileReference; fileEncoding = 4; lastKnownFileType = sourcecode.c.h; path = "UIView+JJ.h"; sourceTree = "<group>"; };
		28FD46ED1BE6F7A5007C536B /* UIView+JJ.m */ = {isa = PBXFileReference; fileEncoding = 4; lastKnownFileType = sourcecode.c.objc; path = "UIView+JJ.m"; sourceTree = "<group>"; };
		28FD47071BE6F7EA007C536B /* libz.dylib */ = {isa = PBXFileReference; lastKnownFileType = "compiled.mach-o.dylib"; name = libz.dylib; path = /usr/lib/libz.dylib; sourceTree = "<absolute>"; };
		28FD470D1BE6F88D007C536B /* NSData+JJ_Zip.h */ = {isa = PBXFileReference; fileEncoding = 4; lastKnownFileType = sourcecode.c.h; path = "NSData+JJ_Zip.h"; sourceTree = "<group>"; };
		28FD470E1BE6F88D007C536B /* NSData+JJ_Zip.m */ = {isa = PBXFileReference; fileEncoding = 4; lastKnownFileType = sourcecode.c.objc; path = "NSData+JJ_Zip.m"; sourceTree = "<group>"; };
/* End PBXFileReference section */

/* Begin PBXFrameworksBuildPhase section */
		28FD46861BE6F285007C536B /* Frameworks */ = {
			isa = PBXFrameworksBuildPhase;
			buildActionMask = 2147483647;
			files = (
				28FD47081BE6F7EA007C536B /* libz.dylib in Frameworks */,
			);
			runOnlyForDeploymentPostprocessing = 0;
		};
		28FD469A1BE6F285007C536B /* Frameworks */ = {
			isa = PBXFrameworksBuildPhase;
			buildActionMask = 2147483647;
			files = (
			);
			runOnlyForDeploymentPostprocessing = 0;
		};
		28FD46A51BE6F285007C536B /* Frameworks */ = {
			isa = PBXFrameworksBuildPhase;
			buildActionMask = 2147483647;
			files = (
			);
			runOnlyForDeploymentPostprocessing = 0;
		};
/* End PBXFrameworksBuildPhase section */

/* Begin PBXGroup section */
		287BE07C1BE703640039FF2E /* Vendor */ = {
			isa = PBXGroup;
			children = (
				287BE3151BE708D10039FF2E /* Model */,
				287BE1651BE703640039FF2E /* Networking */,
			);
			path = Vendor;
			sourceTree = "<group>";
		};
		287BE1651BE703640039FF2E /* Networking */ = {
			isa = PBXGroup;
			children = (
				287BE1661BE703640039FF2E /* MKNetworkKit */,
			);
			path = Networking;
			sourceTree = "<group>";
		};
		287BE1661BE703640039FF2E /* MKNetworkKit */ = {
			isa = PBXGroup;
			children = (
				287BE1671BE703640039FF2E /* Help */,
				287BE1681BE703640039FF2E /* MKNetworkKit-0.87 */,
			);
			path = MKNetworkKit;
			sourceTree = "<group>";
		};
		287BE1671BE703640039FF2E /* Help */ = {
			isa = PBXGroup;
			children = (
			);
			path = Help;
			sourceTree = "<group>";
		};
		287BE1681BE703640039FF2E /* MKNetworkKit-0.87 */ = {
			isa = PBXGroup;
			children = (
				287BE1691BE703640039FF2E /* Categories */,
				287BE1741BE703640039FF2E /* MKNetworkEngine.h */,
				287BE1751BE703640039FF2E /* MKNetworkEngine.m */,
				287BE1761BE703640039FF2E /* MKNetworkKit.h */,
				287BE1771BE703640039FF2E /* MKNetworkOperation.h */,
				287BE1781BE703640039FF2E /* MKNetworkOperation.m */,
				287BE1791BE703640039FF2E /* Reachability */,
			);
			path = "MKNetworkKit-0.87";
			sourceTree = "<group>";
		};
		287BE1691BE703640039FF2E /* Categories */ = {
			isa = PBXGroup;
			children = (
				287BE16A1BE703640039FF2E /* NSData+MKBase64.h */,
				287BE16B1BE703640039FF2E /* NSData+MKBase64.m */,
				287BE16C1BE703640039FF2E /* NSDate+RFC1123.h */,
				287BE16D1BE703640039FF2E /* NSDate+RFC1123.m */,
				287BE16E1BE703640039FF2E /* NSDictionary+RequestEncoding.h */,
				287BE16F1BE703640039FF2E /* NSDictionary+RequestEncoding.m */,
				287BE1701BE703640039FF2E /* NSString+MKNetworkKitAdditions.h */,
				287BE1711BE703640039FF2E /* NSString+MKNetworkKitAdditions.m */,
				287BE1721BE703640039FF2E /* UIAlertView+MKNetworkKitAdditions.h */,
				287BE1731BE703640039FF2E /* UIAlertView+MKNetworkKitAdditions.m */,
			);
			path = Categories;
			sourceTree = "<group>";
		};
		287BE1791BE703640039FF2E /* Reachability */ = {
			isa = PBXGroup;
			children = (
				287BE17A1BE703640039FF2E /* Reachability.h */,
				287BE17B1BE703640039FF2E /* Reachability.m */,
			);
			path = Reachability;
			sourceTree = "<group>";
		};
		287BE3151BE708D10039FF2E /* Model */ = {
			isa = PBXGroup;
			children = (
				287BE3161BE708D10039FF2E /* JSONModel */,
				287BE33B1BE709EC0039FF2E /* Mantle */,
			);
			path = Model;
			sourceTree = "<group>";
		};
		287BE3161BE708D10039FF2E /* JSONModel */ = {
			isa = PBXGroup;
			children = (
				287BE3171BE708D10039FF2E /* JSONModel-1.1.2 */,
			);
			path = JSONModel;
			sourceTree = "<group>";
		};
		287BE3171BE708D10039FF2E /* JSONModel-1.1.2 */ = {
			isa = PBXGroup;
			children = (
				287BE3181BE708D10039FF2E /* JSONModel */,
				287BE3211BE708D10039FF2E /* JSONModelCategories */,
				287BE3241BE708D10039FF2E /* JSONModelLib.h */,
				287BE3251BE708D10039FF2E /* JSONModelNetworking */,
				287BE32C1BE708D10039FF2E /* JSONModelTransformations */,
			);
			path = "JSONModel-1.1.2";
			sourceTree = "<group>";
		};
		287BE3181BE708D10039FF2E /* JSONModel */ = {
			isa = PBXGroup;
			children = (
				287BE3191BE708D10039FF2E /* JSONModel.h */,
				287BE31A1BE708D10039FF2E /* JSONModel.m */,
				287BE31B1BE708D10039FF2E /* JSONModelArray.h */,
				287BE31C1BE708D10039FF2E /* JSONModelArray.m */,
				287BE31D1BE708D10039FF2E /* JSONModelClassProperty.h */,
				287BE31E1BE708D10039FF2E /* JSONModelClassProperty.m */,
				287BE31F1BE708D10039FF2E /* JSONModelError.h */,
				287BE3201BE708D10039FF2E /* JSONModelError.m */,
			);
			path = JSONModel;
			sourceTree = "<group>";
		};
		287BE3211BE708D10039FF2E /* JSONModelCategories */ = {
			isa = PBXGroup;
			children = (
				287BE3221BE708D10039FF2E /* NSArray+JSONModel.h */,
				287BE3231BE708D10039FF2E /* NSArray+JSONModel.m */,
			);
			path = JSONModelCategories;
			sourceTree = "<group>";
		};
		287BE3251BE708D10039FF2E /* JSONModelNetworking */ = {
			isa = PBXGroup;
			children = (
				287BE3261BE708D10039FF2E /* JSONAPI.h */,
				287BE3271BE708D10039FF2E /* JSONAPI.m */,
				287BE3281BE708D10039FF2E /* JSONHTTPClient.h */,
				287BE3291BE708D10039FF2E /* JSONHTTPClient.m */,
				287BE32A1BE708D10039FF2E /* JSONModel+networking.h */,
				287BE32B1BE708D10039FF2E /* JSONModel+networking.m */,
			);
			path = JSONModelNetworking;
			sourceTree = "<group>";
		};
		287BE32C1BE708D10039FF2E /* JSONModelTransformations */ = {
			isa = PBXGroup;
			children = (
				287BE32D1BE708D10039FF2E /* JSONKeyMapper.h */,
				287BE32E1BE708D10039FF2E /* JSONKeyMapper.m */,
				287BE32F1BE708D10039FF2E /* JSONValueTransformer.h */,
				287BE3301BE708D10039FF2E /* JSONValueTransformer.m */,
			);
			path = JSONModelTransformations;
			sourceTree = "<group>";
		};
		287BE33B1BE709EC0039FF2E /* Mantle */ = {
			isa = PBXGroup;
			children = (
				287BE33C1BE709EC0039FF2E /* Helper */,
				287BE3411BE709EC0039FF2E /* Mantle-2.0.5 */,
			);
			path = Mantle;
			sourceTree = "<group>";
		};
		287BE33C1BE709EC0039FF2E /* Helper */ = {
			isa = PBXGroup;
			children = (
				287BE33F1BE709EC0039FF2E /* JJMantleHeader.h */,
			);
			path = Helper;
			sourceTree = "<group>";
		};
		287BE3411BE709EC0039FF2E /* Mantle-2.0.5 */ = {
			isa = PBXGroup;
			children = (
				287BE3421BE709EC0039FF2E /* extobjc */,
				287BE3491BE709EC0039FF2E /* Mantle.h */,
				287BE34A1BE709EC0039FF2E /* MTLJSONAdapter.h */,
				287BE34B1BE709EC0039FF2E /* MTLJSONAdapter.m */,
				287BE34C1BE709EC0039FF2E /* MTLModel+NSCoding.h */,
				287BE34D1BE709EC0039FF2E /* MTLModel+NSCoding.m */,
				287BE34E1BE709EC0039FF2E /* MTLModel.h */,
				287BE34F1BE709EC0039FF2E /* MTLModel.m */,
				287BE3501BE709EC0039FF2E /* MTLReflection.h */,
				287BE3511BE709EC0039FF2E /* MTLReflection.m */,
				287BE3521BE709EC0039FF2E /* MTLTransformerErrorHandling.h */,
				287BE3531BE709EC0039FF2E /* MTLTransformerErrorHandling.m */,
				287BE3541BE709EC0039FF2E /* MTLValueTransformer.h */,
				287BE3551BE709EC0039FF2E /* MTLValueTransformer.m */,
				287BE3561BE709EC0039FF2E /* NSArray+MTLManipulationAdditions.h */,
				287BE3571BE709EC0039FF2E /* NSArray+MTLManipulationAdditions.m */,
				287BE3581BE709EC0039FF2E /* NSDictionary+MTLJSONKeyPath.h */,
				287BE3591BE709EC0039FF2E /* NSDictionary+MTLJSONKeyPath.m */,
				287BE35A1BE709EC0039FF2E /* NSDictionary+MTLManipulationAdditions.h */,
				287BE35B1BE709EC0039FF2E /* NSDictionary+MTLManipulationAdditions.m */,
				287BE35C1BE709EC0039FF2E /* NSDictionary+MTLMappingAdditions.h */,
				287BE35D1BE709EC0039FF2E /* NSDictionary+MTLMappingAdditions.m */,
				287BE35E1BE709EC0039FF2E /* NSError+MTLModelException.h */,
				287BE35F1BE709EC0039FF2E /* NSError+MTLModelException.m */,
				287BE3601BE709EC0039FF2E /* NSObject+MTLComparisonAdditions.h */,
				287BE3611BE709EC0039FF2E /* NSObject+MTLComparisonAdditions.m */,
				287BE3621BE709EC0039FF2E /* NSValueTransformer+MTLInversionAdditions.h */,
				287BE3631BE709EC0039FF2E /* NSValueTransformer+MTLInversionAdditions.m */,
				287BE3641BE709EC0039FF2E /* NSValueTransformer+MTLPredefinedTransformerAdditions.h */,
				287BE3651BE709EC0039FF2E /* NSValueTransformer+MTLPredefinedTransformerAdditions.m */,
			);
			path = "Mantle-2.0.5";
			sourceTree = "<group>";
		};
		287BE3421BE709EC0039FF2E /* extobjc */ = {
			isa = PBXGroup;
			children = (
				287BE3431BE709EC0039FF2E /* EXTKeyPathCoding.h */,
				287BE3441BE709EC0039FF2E /* EXTRuntimeExtensions.h */,
				287BE3451BE709EC0039FF2E /* EXTRuntimeExtensions.m */,
				287BE3461BE709EC0039FF2E /* EXTScope.h */,
				287BE3471BE709EC0039FF2E /* EXTScope.m */,
				287BE3481BE709EC0039FF2E /* metamacros.h */,
			);
			path = extobjc;
			sourceTree = "<group>";
		};
		287BE3781BE70C300039FF2E /* ToolTest */ = {
			isa = PBXGroup;
			children = (
				287BE3791BE70C300039FF2E /* ObjCTool */,
			);
			name = ToolTest;
			path = JJiOSTool/ToolTest;
			sourceTree = "<group>";
		};
		287BE3791BE70C300039FF2E /* ObjCTool */ = {
			isa = PBXGroup;
			children = (
				287BE37A1BE70C300039FF2E /* Vendor */,
			);
			path = ObjCTool;
			sourceTree = "<group>";
		};
		287BE37A1BE70C300039FF2E /* Vendor */ = {
			isa = PBXGroup;
			children = (
				287BE37B1BE70C300039FF2E /* Model */,
				287BE3811BE70C300039FF2E /* Networking */,
			);
			path = Vendor;
			sourceTree = "<group>";
		};
		287BE37B1BE70C300039FF2E /* Model */ = {
			isa = PBXGroup;
			children = (
				287BE37C1BE70C300039FF2E /* JSONModel */,
				287BE37D1BE70C300039FF2E /* Mantle */,
			);
			path = Model;
			sourceTree = "<group>";
		};
		287BE37C1BE70C300039FF2E /* JSONModel */ = {
			isa = PBXGroup;
			children = (
			);
			path = JSONModel;
			sourceTree = "<group>";
		};
		287BE37D1BE70C300039FF2E /* Mantle */ = {
			isa = PBXGroup;
			children = (
				287BE37E1BE70C300039FF2E /* JJMantle+Test.h */,
				287BE37F1BE70C300039FF2E /* JJMantle+Test.m */,
				287BE3801BE70C300039FF2E /* JJMantleTest.json */,
			);
			path = Mantle;
			sourceTree = "<group>";
		};
		287BE3811BE70C300039FF2E /* Networking */ = {
			isa = PBXGroup;
			children = (
				287BE3821BE70C300039FF2E /* MKNetworkKit */,
			);
			path = Networking;
			sourceTree = "<group>";
		};
		287BE3821BE70C300039FF2E /* MKNetworkKit */ = {
			isa = PBXGroup;
			children = (
			);
			path = MKNetworkKit;
			sourceTree = "<group>";
		};
		28FD46801BE6F285007C536B = {
			isa = PBXGroup;
			children = (
				28FD47091BE6F803007C536B /* Framework */,
				28FD468B1BE6F285007C536B /* JJiOSTool */,
				28FD46A01BE6F285007C536B /* JJiOSToolTests */,
				28FD46AB1BE6F285007C536B /* JJiOSToolUITests */,
				28FD468A1BE6F285007C536B /* Products */,
				28FD46BA1BE6F7A5007C536B /* Tool */,
				287BE3781BE70C300039FF2E /* ToolTest */,
			);
			sourceTree = "<group>";
		};
		28FD468A1BE6F285007C536B /* Products */ = {
			isa = PBXGroup;
			children = (
				28FD46891BE6F285007C536B /* JJiOSTool.app */,
				28FD469D1BE6F285007C536B /* JJiOSToolTests.xctest */,
				28FD46A81BE6F285007C536B /* JJiOSToolUITests.xctest */,
			);
			name = Products;
			sourceTree = "<group>";
		};
		28FD468B1BE6F285007C536B /* JJiOSTool */ = {
			isa = PBXGroup;
			children = (
				28FD468C1BE6F285007C536B /* AppDelegate.swift */,
				28FD468E1BE6F285007C536B /* ViewController.swift */,
				28FD46901BE6F285007C536B /* Main.storyboard */,
				28FD46931BE6F285007C536B /* Assets.xcassets */,
				28FD46951BE6F285007C536B /* LaunchScreen.storyboard */,
				28FD46981BE6F285007C536B /* Info.plist */,
				287BE30B1BE703EB0039FF2E /* JJiOSTool-Prefix.pch */,
			);
			path = JJiOSTool;
			sourceTree = "<group>";
		};
		28FD46A01BE6F285007C536B /* JJiOSToolTests */ = {
			isa = PBXGroup;
			children = (
				28FD46A11BE6F285007C536B /* JJiOSToolTests.swift */,
				28FD46A31BE6F285007C536B /* Info.plist */,
			);
			path = JJiOSToolTests;
			sourceTree = "<group>";
		};
		28FD46AB1BE6F285007C536B /* JJiOSToolUITests */ = {
			isa = PBXGroup;
			children = (
				28FD46AC1BE6F285007C536B /* JJiOSToolUITests.swift */,
				28FD46AE1BE6F285007C536B /* Info.plist */,
			);
			path = JJiOSToolUITests;
			sourceTree = "<group>";
		};
		28FD46BA1BE6F7A5007C536B /* Tool */ = {
			isa = PBXGroup;
			children = (
				28FD46BB1BE6F7A5007C536B /* ObjCTool */,
				28FD46EE1BE6F7A5007C536B /* SwiftTool */,
			);
			name = Tool;
			path = JJiOSTool/Tool;
			sourceTree = "<group>";
		};
		28FD46BB1BE6F7A5007C536B /* ObjCTool */ = {
			isa = PBXGroup;
			children = (
				28FD46BC1BE6F7A5007C536B /* SystemCategory */,
				287BE07C1BE703640039FF2E /* Vendor */,
			);
			path = ObjCTool;
			sourceTree = "<group>";
		};
		28FD46BC1BE6F7A5007C536B /* SystemCategory */ = {
			isa = PBXGroup;
			children = (
				28FD46BD1BE6F7A5007C536B /* CAAnimation+JJ.h */,
				28FD46BE1BE6F7A5007C536B /* CAAnimation+JJ.m */,
				28FD46BF1BE6F7A5007C536B /* CABasicAnimation+JJ.h */,
				28FD46C01BE6F7A5007C536B /* CABasicAnimation+JJ.m */,
				28FD46C11BE6F7A5007C536B /* CSSearchableIndex+JJ.h */,
				28FD46C21BE6F7A5007C536B /* CSSearchableIndex+JJ.m */,
				28FD46C31BE6F7A5007C536B /* JJCategory.h */,
				28FD46C41BE6F7A5007C536B /* NSArray+JJ.h */,
				28FD46C51BE6F7A5007C536B /* NSArray+JJ.m */,
				28FD470D1BE6F88D007C536B /* NSData+JJ_Zip.h */,
				28FD470E1BE6F88D007C536B /* NSData+JJ_Zip.m */,
				28FD46C61BE6F7A5007C536B /* NSData+JJ.h */,
				28FD46C71BE6F7A5007C536B /* NSData+JJ.m */,
				28FD46C81BE6F7A5007C536B /* NSDate+JJ.h */,
				28FD46C91BE6F7A5007C536B /* NSDate+JJ.m */,
				28FD46CA1BE6F7A5007C536B /* NSDictionary+JJ.h */,
				28FD46CB1BE6F7A5007C536B /* NSDictionary+JJ.m */,
				28FD46CC1BE6F7A5007C536B /* NSFileManager+JJ.h */,
				28FD46CD1BE6F7A5007C536B /* NSFileManager+JJ.m */,
				28FD46CE1BE6F7A5007C536B /* NSIndexPath+JJ.h */,
				28FD46CF1BE6F7A5007C536B /* NSIndexPath+JJ.m */,
				28FD46D01BE6F7A5007C536B /* NSMutableArray+JJ.h */,
				28FD46D11BE6F7A5007C536B /* NSMutableArray+JJ.m */,
				28FD46D21BE6F7A5007C536B /* NSMutableDictionary+JJ.h */,
				28FD46D31BE6F7A5007C536B /* NSMutableDictionary+JJ.m */,
				28FD46D41BE6F7A5007C536B /* NSObject+JJ.h */,
				28FD46D51BE6F7A5007C536B /* NSObject+JJ.m */,
				28FD46D61BE6F7A5007C536B /* NSString+JJ.h */,
				28FD46D71BE6F7A5007C536B /* NSString+JJ.m */,
				28FD46D81BE6F7A5007C536B /* NSTimer+JJ.h */,
				28FD46D91BE6F7A5007C536B /* NSTimer+JJ.m */,
				28FD46DA1BE6F7A5007C536B /* NSUserActivity+JJ.h */,
				28FD46DB1BE6F7A5007C536B /* NSUserActivity+JJ.m */,
				28FD46DC1BE6F7A5007C536B /* UIAlertController+JJ.h */,
				28FD46DD1BE6F7A5007C536B /* UIAlertController+JJ.m */,
				28FD46DE1BE6F7A5007C536B /* UIApplication+JJ.h */,
				28FD46DF1BE6F7A5007C536B /* UIApplication+JJ.m */,
				28FD46E01BE6F7A5007C536B /* UIColor+JJ.h */,
				28FD46E11BE6F7A5007C536B /* UIColor+JJ.m */,
				28FD46E21BE6F7A5007C536B /* UIDevice+JJ.h */,
				28FD46E31BE6F7A5007C536B /* UIDevice+JJ.m */,
				28FD46E41BE6F7A5007C536B /* UIGestureRecognizer+JJ.h */,
				28FD46E51BE6F7A5007C536B /* UIGestureRecognizer+JJ.m */,
				28FD46E61BE6F7A5007C536B /* UIImage+JJ.h */,
				28FD46E71BE6F7A5007C536B /* UIImage+JJ.m */,
				28FD46E81BE6F7A5007C536B /* UIImageView+JJ.h */,
				28FD46E91BE6F7A5007C536B /* UIImageView+JJ.m */,
				28FD46EA1BE6F7A5007C536B /* UIScrollView+JJ.h */,
				28FD46EB1BE6F7A5007C536B /* UIScrollView+JJ.m */,
				28FD46EC1BE6F7A5007C536B /* UIView+JJ.h */,
				28FD46ED1BE6F7A5007C536B /* UIView+JJ.m */,
			);
			path = SystemCategory;
			sourceTree = "<group>";
		};
		28FD46EE1BE6F7A5007C536B /* SwiftTool */ = {
			isa = PBXGroup;
			children = (
			);
			path = SwiftTool;
			sourceTree = "<group>";
		};
		28FD47091BE6F803007C536B /* Framework */ = {
			isa = PBXGroup;
			children = (
				28FD47071BE6F7EA007C536B /* libz.dylib */,
			);
			name = Framework;
			sourceTree = "<group>";
		};
/* End PBXGroup section */

/* Begin PBXNativeTarget section */
		28FD46881BE6F285007C536B /* JJiOSTool */ = {
			isa = PBXNativeTarget;
			buildConfigurationList = 28FD46B11BE6F285007C536B /* Build configuration list for PBXNativeTarget "JJiOSTool" */;
			buildPhases = (
				28FD46851BE6F285007C536B /* Sources */,
				28FD46861BE6F285007C536B /* Frameworks */,
				28FD46871BE6F285007C536B /* Resources */,
			);
			buildRules = (
			);
			dependencies = (
			);
			name = JJiOSTool;
			productName = JJiOSTool;
			productReference = 28FD46891BE6F285007C536B /* JJiOSTool.app */;
			productType = "com.apple.product-type.application";
		};
		28FD469C1BE6F285007C536B /* JJiOSToolTests */ = {
			isa = PBXNativeTarget;
			buildConfigurationList = 28FD46B41BE6F285007C536B /* Build configuration list for PBXNativeTarget "JJiOSToolTests" */;
			buildPhases = (
				28FD46991BE6F285007C536B /* Sources */,
				28FD469A1BE6F285007C536B /* Frameworks */,
				28FD469B1BE6F285007C536B /* Resources */,
			);
			buildRules = (
			);
			dependencies = (
				28FD469F1BE6F285007C536B /* PBXTargetDependency */,
			);
			name = JJiOSToolTests;
			productName = JJiOSToolTests;
			productReference = 28FD469D1BE6F285007C536B /* JJiOSToolTests.xctest */;
			productType = "com.apple.product-type.bundle.unit-test";
		};
		28FD46A71BE6F285007C536B /* JJiOSToolUITests */ = {
			isa = PBXNativeTarget;
			buildConfigurationList = 28FD46B71BE6F285007C536B /* Build configuration list for PBXNativeTarget "JJiOSToolUITests" */;
			buildPhases = (
				28FD46A41BE6F285007C536B /* Sources */,
				28FD46A51BE6F285007C536B /* Frameworks */,
				28FD46A61BE6F285007C536B /* Resources */,
			);
			buildRules = (
			);
			dependencies = (
				28FD46AA1BE6F285007C536B /* PBXTargetDependency */,
			);
			name = JJiOSToolUITests;
			productName = JJiOSToolUITests;
			productReference = 28FD46A81BE6F285007C536B /* JJiOSToolUITests.xctest */;
			productType = "com.apple.product-type.bundle.ui-testing";
		};
/* End PBXNativeTarget section */

/* Begin PBXProject section */
		28FD46811BE6F285007C536B /* Project object */ = {
			isa = PBXProject;
			attributes = {
				LastSwiftUpdateCheck = 0710;
				LastUpgradeCheck = 0710;
				ORGANIZATIONNAME = JJ;
				TargetAttributes = {
					28FD46881BE6F285007C536B = {
						CreatedOnToolsVersion = 7.1;
						DevelopmentTeam = 3VWMW48E4Q;
					};
					28FD469C1BE6F285007C536B = {
						CreatedOnToolsVersion = 7.1;
						DevelopmentTeam = 3VWMW48E4Q;
						TestTargetID = 28FD46881BE6F285007C536B;
					};
					28FD46A71BE6F285007C536B = {
						CreatedOnToolsVersion = 7.1;
						DevelopmentTeam = 3VWMW48E4Q;
						TestTargetID = 28FD46881BE6F285007C536B;
					};
				};
			};
			buildConfigurationList = 28FD46841BE6F285007C536B /* Build configuration list for PBXProject "JJiOSTool" */;
			compatibilityVersion = "Xcode 3.2";
			developmentRegion = English;
			hasScannedForEncodings = 0;
			knownRegions = (
				en,
				Base,
			);
			mainGroup = 28FD46801BE6F285007C536B;
			productRefGroup = 28FD468A1BE6F285007C536B /* Products */;
			projectDirPath = "";
			projectRoot = "";
			targets = (
				28FD46881BE6F285007C536B /* JJiOSTool */,
				28FD469C1BE6F285007C536B /* JJiOSToolTests */,
				28FD46A71BE6F285007C536B /* JJiOSToolUITests */,
			);
		};
/* End PBXProject section */

/* Begin PBXResourcesBuildPhase section */
		28FD46871BE6F285007C536B /* Resources */ = {
			isa = PBXResourcesBuildPhase;
			buildActionMask = 2147483647;
			files = (
				28FD46971BE6F285007C536B /* LaunchScreen.storyboard in Resources */,
				28FD46941BE6F285007C536B /* Assets.xcassets in Resources */,
				287BE3841BE70C300039FF2E /* JJMantleTest.json in Resources */,
				28FD46921BE6F285007C536B /* Main.storyboard in Resources */,
			);
			runOnlyForDeploymentPostprocessing = 0;
		};
		28FD469B1BE6F285007C536B /* Resources */ = {
			isa = PBXResourcesBuildPhase;
			buildActionMask = 2147483647;
			files = (
			);
			runOnlyForDeploymentPostprocessing = 0;
		};
		28FD46A61BE6F285007C536B /* Resources */ = {
			isa = PBXResourcesBuildPhase;
			buildActionMask = 2147483647;
			files = (
			);
			runOnlyForDeploymentPostprocessing = 0;
		};
/* End PBXResourcesBuildPhase section */

/* Begin PBXSourcesBuildPhase section */
		28FD46851BE6F285007C536B /* Sources */ = {
			isa = PBXSourcesBuildPhase;
			buildActionMask = 2147483647;
			files = (
				287BE3691BE709EC0039FF2E /* EXTScope.m in Sources */,
				287BE3371BE708D10039FF2E /* JSONHTTPClient.m in Sources */,
				287BE3771BE709EC0039FF2E /* NSValueTransformer+MTLPredefinedTransformerAdditions.m in Sources */,
				287BE36B1BE709EC0039FF2E /* MTLModel+NSCoding.m in Sources */,
				28FD46F51BE6F7A5007C536B /* NSDictionary+JJ.m in Sources */,
				28FD46FD1BE6F7A5007C536B /* NSUserActivity+JJ.m in Sources */,
				28FD46F21BE6F7A5007C536B /* NSArray+JJ.m in Sources */,
				28FD47001BE6F7A5007C536B /* UIColor+JJ.m in Sources */,
				28FD46F61BE6F7A5007C536B /* NSFileManager+JJ.m in Sources */,
				28FD47031BE6F7A5007C536B /* UIImage+JJ.m in Sources */,
				287BE3731BE709EC0039FF2E /* NSDictionary+MTLMappingAdditions.m in Sources */,
				28FD47021BE6F7A5007C536B /* UIGestureRecognizer+JJ.m in Sources */,
				287BE2A71BE703650039FF2E /* UIAlertView+MKNetworkKitAdditions.m in Sources */,
				28FD46F81BE6F7A5007C536B /* NSMutableArray+JJ.m in Sources */,
				28FD46FB1BE6F7A5007C536B /* NSString+JJ.m in Sources */,
				287BE3751BE709EC0039FF2E /* NSObject+MTLComparisonAdditions.m in Sources */,
				287BE2A91BE703650039FF2E /* MKNetworkOperation.m in Sources */,
				287BE36D1BE709EC0039FF2E /* MTLReflection.m in Sources */,
				28FD47051BE6F7A5007C536B /* UIScrollView+JJ.m in Sources */,
				28FD468F1BE6F285007C536B /* ViewController.swift in Sources */,
				28FD46F01BE6F7A5007C536B /* CABasicAnimation+JJ.m in Sources */,
				28FD46F71BE6F7A5007C536B /* NSIndexPath+JJ.m in Sources */,
				287BE2A31BE703650039FF2E /* NSData+MKBase64.m in Sources */,
				287BE2A81BE703650039FF2E /* MKNetworkEngine.m in Sources */,
				28FD46FC1BE6F7A5007C536B /* NSTimer+JJ.m in Sources */,
				28FD46EF1BE6F7A5007C536B /* CAAnimation+JJ.m in Sources */,
				287BE2AA1BE703650039FF2E /* Reachability.m in Sources */,
				28FD46F91BE6F7A5007C536B /* NSMutableDictionary+JJ.m in Sources */,
				287BE3331BE708D10039FF2E /* JSONModelClassProperty.m in Sources */,
				28FD470F1BE6F88D007C536B /* NSData+JJ_Zip.m in Sources */,
				28FD46F41BE6F7A5007C536B /* NSDate+JJ.m in Sources */,
				287BE3721BE709EC0039FF2E /* NSDictionary+MTLManipulationAdditions.m in Sources */,
				28FD46F31BE6F7A5007C536B /* NSData+JJ.m in Sources */,
				287BE3391BE708D10039FF2E /* JSONKeyMapper.m in Sources */,
				287BE36C1BE709EC0039FF2E /* MTLModel.m in Sources */,
				287BE3361BE708D10039FF2E /* JSONAPI.m in Sources */,
				28FD47061BE6F7A5007C536B /* UIView+JJ.m in Sources */,
				287BE2A41BE703650039FF2E /* NSDate+RFC1123.m in Sources */,
				28FD46FF1BE6F7A5007C536B /* UIApplication+JJ.m in Sources */,
				287BE3851BE70CAC0039FF2E /* JJMantle+Test.m in Sources */,
				287BE36F1BE709EC0039FF2E /* MTLValueTransformer.m in Sources */,
				28FD46FE1BE6F7A5007C536B /* UIAlertController+JJ.m in Sources */,
				287BE36E1BE709EC0039FF2E /* MTLTransformerErrorHandling.m in Sources */,
				28FD468D1BE6F285007C536B /* AppDelegate.swift in Sources */,
				287BE3711BE709EC0039FF2E /* NSDictionary+MTLJSONKeyPath.m in Sources */,
				287BE2A61BE703650039FF2E /* NSString+MKNetworkKitAdditions.m in Sources */,
				28FD47011BE6F7A5007C536B /* UIDevice+JJ.m in Sources */,
				287BE3701BE709EC0039FF2E /* NSArray+MTLManipulationAdditions.m in Sources */,
				28FD46F11BE6F7A5007C536B /* CSSearchableIndex+JJ.m in Sources */,
				287BE2A51BE703650039FF2E /* NSDictionary+RequestEncoding.m in Sources */,
				287BE3311BE708D10039FF2E /* JSONModel.m in Sources */,
				287BE33A1BE708D10039FF2E /* JSONValueTransformer.m in Sources */,
				287BE3381BE708D10039FF2E /* JSONModel+networking.m in Sources */,
				28FD47041BE6F7A5007C536B /* UIImageView+JJ.m in Sources */,
				287BE3681BE709EC0039FF2E /* EXTRuntimeExtensions.m in Sources */,
				287BE3351BE708D10039FF2E /* NSArray+JSONModel.m in Sources */,
				287BE3741BE709EC0039FF2E /* NSError+MTLModelException.m in Sources */,
				287BE3341BE708D10039FF2E /* JSONModelError.m in Sources */,
				287BE3761BE709EC0039FF2E /* NSValueTransformer+MTLInversionAdditions.m in Sources */,
				28FD46FA1BE6F7A5007C536B /* NSObject+JJ.m in Sources */,
				287BE36A1BE709EC0039FF2E /* MTLJSONAdapter.m in Sources */,
				287BE3321BE708D10039FF2E /* JSONModelArray.m in Sources */,
			);
			runOnlyForDeploymentPostprocessing = 0;
		};
		28FD46991BE6F285007C536B /* Sources */ = {
			isa = PBXSourcesBuildPhase;
			buildActionMask = 2147483647;
			files = (
				28FD46A21BE6F285007C536B /* JJiOSToolTests.swift in Sources */,
			);
			runOnlyForDeploymentPostprocessing = 0;
		};
		28FD46A41BE6F285007C536B /* Sources */ = {
			isa = PBXSourcesBuildPhase;
			buildActionMask = 2147483647;
			files = (
				28FD46AD1BE6F285007C536B /* JJiOSToolUITests.swift in Sources */,
			);
			runOnlyForDeploymentPostprocessing = 0;
		};
/* End PBXSourcesBuildPhase section */

/* Begin PBXTargetDependency section */
		28FD469F1BE6F285007C536B /* PBXTargetDependency */ = {
			isa = PBXTargetDependency;
			target = 28FD46881BE6F285007C536B /* JJiOSTool */;
			targetProxy = 28FD469E1BE6F285007C536B /* PBXContainerItemProxy */;
		};
		28FD46AA1BE6F285007C536B /* PBXTargetDependency */ = {
			isa = PBXTargetDependency;
			target = 28FD46881BE6F285007C536B /* JJiOSTool */;
			targetProxy = 28FD46A91BE6F285007C536B /* PBXContainerItemProxy */;
		};
/* End PBXTargetDependency section */

/* Begin PBXVariantGroup section */
		28FD46901BE6F285007C536B /* Main.storyboard */ = {
			isa = PBXVariantGroup;
			children = (
				28FD46911BE6F285007C536B /* Base */,
			);
			name = Main.storyboard;
			sourceTree = "<group>";
		};
		28FD46951BE6F285007C536B /* LaunchScreen.storyboard */ = {
			isa = PBXVariantGroup;
			children = (
				28FD46961BE6F285007C536B /* Base */,
			);
			name = LaunchScreen.storyboard;
			sourceTree = "<group>";
		};
/* End PBXVariantGroup section */

/* Begin XCBuildConfiguration section */
		28FD46AF1BE6F285007C536B /* Debug */ = {
			isa = XCBuildConfiguration;
			buildSettings = {
				ALWAYS_SEARCH_USER_PATHS = NO;
				CLANG_CXX_LANGUAGE_STANDARD = "gnu++0x";
				CLANG_CXX_LIBRARY = "libc++";
				CLANG_ENABLE_MODULES = YES;
				CLANG_ENABLE_OBJC_ARC = YES;
				CLANG_WARN_BOOL_CONVERSION = YES;
				CLANG_WARN_CONSTANT_CONVERSION = YES;
				CLANG_WARN_DIRECT_OBJC_ISA_USAGE = YES_ERROR;
				CLANG_WARN_EMPTY_BODY = YES;
				CLANG_WARN_ENUM_CONVERSION = YES;
				CLANG_WARN_INT_CONVERSION = YES;
				CLANG_WARN_OBJC_ROOT_CLASS = YES_ERROR;
				CLANG_WARN_UNREACHABLE_CODE = YES;
				CLANG_WARN__DUPLICATE_METHOD_MATCH = YES;
				"CODE_SIGN_IDENTITY[sdk=iphoneos*]" = "iPhone Developer";
				COPY_PHASE_STRIP = NO;
				DEBUG_INFORMATION_FORMAT = dwarf;
				ENABLE_STRICT_OBJC_MSGSEND = YES;
				ENABLE_TESTABILITY = YES;
				GCC_C_LANGUAGE_STANDARD = gnu99;
				GCC_DYNAMIC_NO_PIC = NO;
				GCC_NO_COMMON_BLOCKS = YES;
				GCC_OPTIMIZATION_LEVEL = 0;
				GCC_PREPROCESSOR_DEFINITIONS = (
					"DEBUG=1",
					"$(inherited)",
				);
				GCC_WARN_64_TO_32_BIT_CONVERSION = YES;
				GCC_WARN_ABOUT_RETURN_TYPE = YES_ERROR;
				GCC_WARN_UNDECLARED_SELECTOR = YES;
				GCC_WARN_UNINITIALIZED_AUTOS = YES_AGGRESSIVE;
				GCC_WARN_UNUSED_FUNCTION = YES;
				GCC_WARN_UNUSED_VARIABLE = YES;
				IPHONEOS_DEPLOYMENT_TARGET = 9.1;
				MTL_ENABLE_DEBUG_INFO = YES;
				ONLY_ACTIVE_ARCH = YES;
				SDKROOT = iphoneos;
				SWIFT_OPTIMIZATION_LEVEL = "-Onone";
				TARGETED_DEVICE_FAMILY = "1,2";
			};
			name = Debug;
		};
		28FD46B01BE6F285007C536B /* Release */ = {
			isa = XCBuildConfiguration;
			buildSettings = {
				ALWAYS_SEARCH_USER_PATHS = NO;
				CLANG_CXX_LANGUAGE_STANDARD = "gnu++0x";
				CLANG_CXX_LIBRARY = "libc++";
				CLANG_ENABLE_MODULES = YES;
				CLANG_ENABLE_OBJC_ARC = YES;
				CLANG_WARN_BOOL_CONVERSION = YES;
				CLANG_WARN_CONSTANT_CONVERSION = YES;
				CLANG_WARN_DIRECT_OBJC_ISA_USAGE = YES_ERROR;
				CLANG_WARN_EMPTY_BODY = YES;
				CLANG_WARN_ENUM_CONVERSION = YES;
				CLANG_WARN_INT_CONVERSION = YES;
				CLANG_WARN_OBJC_ROOT_CLASS = YES_ERROR;
				CLANG_WARN_UNREACHABLE_CODE = YES;
				CLANG_WARN__DUPLICATE_METHOD_MATCH = YES;
				"CODE_SIGN_IDENTITY[sdk=iphoneos*]" = "iPhone Developer";
				COPY_PHASE_STRIP = NO;
				DEBUG_INFORMATION_FORMAT = "dwarf-with-dsym";
				ENABLE_NS_ASSERTIONS = NO;
				ENABLE_STRICT_OBJC_MSGSEND = YES;
				GCC_C_LANGUAGE_STANDARD = gnu99;
				GCC_NO_COMMON_BLOCKS = YES;
				GCC_WARN_64_TO_32_BIT_CONVERSION = YES;
				GCC_WARN_ABOUT_RETURN_TYPE = YES_ERROR;
				GCC_WARN_UNDECLARED_SELECTOR = YES;
				GCC_WARN_UNINITIALIZED_AUTOS = YES_AGGRESSIVE;
				GCC_WARN_UNUSED_FUNCTION = YES;
				GCC_WARN_UNUSED_VARIABLE = YES;
				IPHONEOS_DEPLOYMENT_TARGET = 9.1;
				MTL_ENABLE_DEBUG_INFO = NO;
				SDKROOT = iphoneos;
				TARGETED_DEVICE_FAMILY = "1,2";
				VALIDATE_PRODUCT = YES;
			};
			name = Release;
		};
		28FD46B21BE6F285007C536B /* Debug */ = {
			isa = XCBuildConfiguration;
			buildSettings = {
				ASSETCATALOG_COMPILER_APPICON_NAME = AppIcon;
				FRAMEWORK_SEARCH_PATHS = "$(inherited)";
				GCC_PREFIX_HEADER = "JJiOSTool/JJiOSTool-Prefix.pch";
				INFOPLIST_FILE = JJiOSTool/Info.plist;
				LD_RUNPATH_SEARCH_PATHS = "$(inherited) @executable_path/Frameworks";
				PRODUCT_BUNDLE_IDENTIFIER = com.jianjing.JJiOSTool;
				PRODUCT_NAME = "$(TARGET_NAME)";
			};
			name = Debug;
		};
		28FD46B31BE6F285007C536B /* Release */ = {
			isa = XCBuildConfiguration;
			buildSettings = {
				ASSETCATALOG_COMPILER_APPICON_NAME = AppIcon;
				FRAMEWORK_SEARCH_PATHS = "$(inherited)";
				GCC_PREFIX_HEADER = "JJiOSTool/JJiOSTool-Prefix.pch";
				INFOPLIST_FILE = JJiOSTool/Info.plist;
				LD_RUNPATH_SEARCH_PATHS = "$(inherited) @executable_path/Frameworks";
				PRODUCT_BUNDLE_IDENTIFIER = com.jianjing.JJiOSTool;
				PRODUCT_NAME = "$(TARGET_NAME)";
			};
			name = Release;
		};
		28FD46B51BE6F285007C536B /* Debug */ = {
			isa = XCBuildConfiguration;
			buildSettings = {
				BUNDLE_LOADER = "$(TEST_HOST)";
				INFOPLIST_FILE = JJiOSToolTests/Info.plist;
				LD_RUNPATH_SEARCH_PATHS = "$(inherited) @executable_path/Frameworks @loader_path/Frameworks";
				PRODUCT_BUNDLE_IDENTIFIER = com.jianjing.JJiOSToolTests;
				PRODUCT_NAME = "$(TARGET_NAME)";
				TEST_HOST = "$(BUILT_PRODUCTS_DIR)/JJiOSTool.app/JJiOSTool";
			};
			name = Debug;
		};
		28FD46B61BE6F285007C536B /* Release */ = {
			isa = XCBuildConfiguration;
			buildSettings = {
				BUNDLE_LOADER = "$(TEST_HOST)";
				INFOPLIST_FILE = JJiOSToolTests/Info.plist;
				LD_RUNPATH_SEARCH_PATHS = "$(inherited) @executable_path/Frameworks @loader_path/Frameworks";
				PRODUCT_BUNDLE_IDENTIFIER = com.jianjing.JJiOSToolTests;
				PRODUCT_NAME = "$(TARGET_NAME)";
				TEST_HOST = "$(BUILT_PRODUCTS_DIR)/JJiOSTool.app/JJiOSTool";
			};
			name = Release;
		};
		28FD46B81BE6F285007C536B /* Debug */ = {
			isa = XCBuildConfiguration;
			buildSettings = {
				INFOPLIST_FILE = JJiOSToolUITests/Info.plist;
				LD_RUNPATH_SEARCH_PATHS = "$(inherited) @executable_path/Frameworks @loader_path/Frameworks";
				PRODUCT_BUNDLE_IDENTIFIER = com.jianjing.JJiOSToolUITests;
				PRODUCT_NAME = "$(TARGET_NAME)";
				TEST_TARGET_NAME = JJiOSTool;
				USES_XCTRUNNER = YES;
			};
			name = Debug;
		};
		28FD46B91BE6F285007C536B /* Release */ = {
			isa = XCBuildConfiguration;
			buildSettings = {
				INFOPLIST_FILE = JJiOSToolUITests/Info.plist;
				LD_RUNPATH_SEARCH_PATHS = "$(inherited) @executable_path/Frameworks @loader_path/Frameworks";
				PRODUCT_BUNDLE_IDENTIFIER = com.jianjing.JJiOSToolUITests;
				PRODUCT_NAME = "$(TARGET_NAME)";
				TEST_TARGET_NAME = JJiOSTool;
				USES_XCTRUNNER = YES;
			};
			name = Release;
		};
/* End XCBuildConfiguration section */

/* Begin XCConfigurationList section */
		28FD46841BE6F285007C536B /* Build configuration list for PBXProject "JJiOSTool" */ = {
			isa = XCConfigurationList;
			buildConfigurations = (
				28FD46AF1BE6F285007C536B /* Debug */,
				28FD46B01BE6F285007C536B /* Release */,
			);
			defaultConfigurationIsVisible = 0;
			defaultConfigurationName = Release;
		};
		28FD46B11BE6F285007C536B /* Build configuration list for PBXNativeTarget "JJiOSTool" */ = {
			isa = XCConfigurationList;
			buildConfigurations = (
				28FD46B21BE6F285007C536B /* Debug */,
				28FD46B31BE6F285007C536B /* Release */,
			);
			defaultConfigurationIsVisible = 0;
			defaultConfigurationName = Release;
		};
		28FD46B41BE6F285007C536B /* Build configuration list for PBXNativeTarget "JJiOSToolTests" */ = {
			isa = XCConfigurationList;
			buildConfigurations = (
				28FD46B51BE6F285007C536B /* Debug */,
				28FD46B61BE6F285007C536B /* Release */,
			);
			defaultConfigurationIsVisible = 0;
			defaultConfigurationName = Release;
		};
		28FD46B71BE6F285007C536B /* Build configuration list for PBXNativeTarget "JJiOSToolUITests" */ = {
			isa = XCConfigurationList;
			buildConfigurations = (
				28FD46B81BE6F285007C536B /* Debug */,
				28FD46B91BE6F285007C536B /* Release */,
			);
			defaultConfigurationIsVisible = 0;
			defaultConfigurationName = Release;
		};
/* End XCConfigurationList section */
	};
	rootObject = 28FD46811BE6F285007C536B /* Project object */;
}
