// !$*UTF8*$!
{
	archiveVersion = 1;
	classes = {
	};
	objectVersion = 46;
	objects = {

/* Begin PBXBuildFile section */
		282886601C9B920B004EC1B9 /* CAAnimation+JJ.m in Sources */ = {isa = PBXBuildFile; fileRef = 2828862E1C9B920B004EC1B9 /* CAAnimation+JJ.m */; };
		282886611C9B920B004EC1B9 /* CABasicAnimation+JJ.m in Sources */ = {isa = PBXBuildFile; fileRef = 282886301C9B920B004EC1B9 /* CABasicAnimation+JJ.m */; };
		282886621C9B920B004EC1B9 /* CSSearchableIndex+JJ.m in Sources */ = {isa = PBXBuildFile; fileRef = 282886321C9B920B004EC1B9 /* CSSearchableIndex+JJ.m */; };
		282886631C9B920B004EC1B9 /* NSArray+JJ.m in Sources */ = {isa = PBXBuildFile; fileRef = 282886351C9B920B004EC1B9 /* NSArray+JJ.m */; };
		282886641C9B920B004EC1B9 /* NSData+JJ.m in Sources */ = {isa = PBXBuildFile; fileRef = 282886371C9B920B004EC1B9 /* NSData+JJ.m */; };
		282886651C9B920B004EC1B9 /* NSData+JJ_Zip.m in Sources */ = {isa = PBXBuildFile; fileRef = 282886391C9B920B004EC1B9 /* NSData+JJ_Zip.m */; };
		282886661C9B920B004EC1B9 /* NSDate+JJ.m in Sources */ = {isa = PBXBuildFile; fileRef = 2828863B1C9B920B004EC1B9 /* NSDate+JJ.m */; };
		282886671C9B920B004EC1B9 /* NSDictionary+JJ.m in Sources */ = {isa = PBXBuildFile; fileRef = 2828863D1C9B920B004EC1B9 /* NSDictionary+JJ.m */; };
		282886681C9B920B004EC1B9 /* NSFileManager+JJ.m in Sources */ = {isa = PBXBuildFile; fileRef = 2828863F1C9B920B004EC1B9 /* NSFileManager+JJ.m */; };
		282886691C9B920B004EC1B9 /* NSIndexPath+JJ.m in Sources */ = {isa = PBXBuildFile; fileRef = 282886411C9B920B004EC1B9 /* NSIndexPath+JJ.m */; };
		2828866A1C9B920B004EC1B9 /* NSMutableArray+JJ.m in Sources */ = {isa = PBXBuildFile; fileRef = 282886431C9B920B004EC1B9 /* NSMutableArray+JJ.m */; };
		2828866B1C9B920B004EC1B9 /* NSMutableDictionary+JJ.m in Sources */ = {isa = PBXBuildFile; fileRef = 282886451C9B920B004EC1B9 /* NSMutableDictionary+JJ.m */; };
		2828866C1C9B920B004EC1B9 /* NSObject+JJ.m in Sources */ = {isa = PBXBuildFile; fileRef = 282886471C9B920B004EC1B9 /* NSObject+JJ.m */; };
		2828866D1C9B920B004EC1B9 /* NSString+JJ.m in Sources */ = {isa = PBXBuildFile; fileRef = 282886491C9B920B004EC1B9 /* NSString+JJ.m */; };
		2828866E1C9B920B004EC1B9 /* NSTimer+JJ.m in Sources */ = {isa = PBXBuildFile; fileRef = 2828864B1C9B920B004EC1B9 /* NSTimer+JJ.m */; };
		2828866F1C9B920B004EC1B9 /* NSUserActivity+JJ.m in Sources */ = {isa = PBXBuildFile; fileRef = 2828864D1C9B920B004EC1B9 /* NSUserActivity+JJ.m */; };
		282886701C9B920B004EC1B9 /* UIAlertController+JJ.m in Sources */ = {isa = PBXBuildFile; fileRef = 2828864F1C9B920B004EC1B9 /* UIAlertController+JJ.m */; };
		282886711C9B920B004EC1B9 /* UIApplication+JJ.m in Sources */ = {isa = PBXBuildFile; fileRef = 282886511C9B920B004EC1B9 /* UIApplication+JJ.m */; };
		282886721C9B920B004EC1B9 /* UIColor+JJ.m in Sources */ = {isa = PBXBuildFile; fileRef = 282886531C9B920B004EC1B9 /* UIColor+JJ.m */; };
		282886731C9B920B004EC1B9 /* UIDevice+JJ.m in Sources */ = {isa = PBXBuildFile; fileRef = 282886551C9B920B004EC1B9 /* UIDevice+JJ.m */; };
		282886741C9B920B004EC1B9 /* UIGestureRecognizer+JJ.m in Sources */ = {isa = PBXBuildFile; fileRef = 282886571C9B920B004EC1B9 /* UIGestureRecognizer+JJ.m */; };
		282886751C9B920B004EC1B9 /* UIImage+JJ.m in Sources */ = {isa = PBXBuildFile; fileRef = 282886591C9B920B004EC1B9 /* UIImage+JJ.m */; };
		282886761C9B920B004EC1B9 /* UIImageView+JJ.m in Sources */ = {isa = PBXBuildFile; fileRef = 2828865B1C9B920B004EC1B9 /* UIImageView+JJ.m */; };
		282886771C9B920B004EC1B9 /* UIScrollView+JJ.m in Sources */ = {isa = PBXBuildFile; fileRef = 2828865D1C9B920B004EC1B9 /* UIScrollView+JJ.m */; };
		282886781C9B920B004EC1B9 /* UIView+JJ.m in Sources */ = {isa = PBXBuildFile; fileRef = 2828865F1C9B920B004EC1B9 /* UIView+JJ.m */; };
		2828867D1C9B93B4004EC1B9 /* JJLog.m in Sources */ = {isa = PBXBuildFile; fileRef = 2828867C1C9B93B4004EC1B9 /* JJLog.m */; };
		282886821C9B93E3004EC1B9 /* JJWeakDictionary.m in Sources */ = {isa = PBXBuildFile; fileRef = 282886811C9B93E3004EC1B9 /* JJWeakDictionary.m */; };
		282886861C9B94B7004EC1B9 /* JJSpotlightManager.m in Sources */ = {isa = PBXBuildFile; fileRef = 282886851C9B94B7004EC1B9 /* JJSpotlightManager.m */; };
		2828868B1C9B94F8004EC1B9 /* JJImportContactsManager.m in Sources */ = {isa = PBXBuildFile; fileRef = 2828868A1C9B94F8004EC1B9 /* JJImportContactsManager.m */; };
		2828868F1C9B9541004EC1B9 /* JJBootupChecker.m in Sources */ = {isa = PBXBuildFile; fileRef = 2828868E1C9B9541004EC1B9 /* JJBootupChecker.m */; };
		282886961C9B9560004EC1B9 /* JJSignalCrashTracking.m in Sources */ = {isa = PBXBuildFile; fileRef = 282886931C9B9560004EC1B9 /* JJSignalCrashTracking.m */; };
		282886971C9B9560004EC1B9 /* JJUncaughtExceptionTracking.m in Sources */ = {isa = PBXBuildFile; fileRef = 282886951C9B9560004EC1B9 /* JJUncaughtExceptionTracking.m */; };
/* End PBXBuildFile section */

/* Begin PBXCopyFilesBuildPhase section */
		2828861E1C9A7B49004EC1B9 /* CopyFiles */ = {
			isa = PBXCopyFilesBuildPhase;
			buildActionMask = 2147483647;
			dstPath = "include/$(PRODUCT_NAME)";
			dstSubfolderSpec = 16;
			files = (
			);
			runOnlyForDeploymentPostprocessing = 0;
		};
/* End PBXCopyFilesBuildPhase section */

/* Begin PBXFileReference section */
		282886201C9A7B49004EC1B9 /* libJJiOSTool.a */ = {isa = PBXFileReference; explicitFileType = archive.ar; includeInIndex = 0; path = libJJiOSTool.a; sourceTree = BUILT_PRODUCTS_DIR; };
		2828862D1C9B920B004EC1B9 /* CAAnimation+JJ.h */ = {isa = PBXFileReference; fileEncoding = 4; lastKnownFileType = sourcecode.c.h; path = "CAAnimation+JJ.h"; sourceTree = "<group>"; };
		2828862E1C9B920B004EC1B9 /* CAAnimation+JJ.m */ = {isa = PBXFileReference; fileEncoding = 4; lastKnownFileType = sourcecode.c.objc; path = "CAAnimation+JJ.m"; sourceTree = "<group>"; };
		2828862F1C9B920B004EC1B9 /* CABasicAnimation+JJ.h */ = {isa = PBXFileReference; fileEncoding = 4; lastKnownFileType = sourcecode.c.h; path = "CABasicAnimation+JJ.h"; sourceTree = "<group>"; };
		282886301C9B920B004EC1B9 /* CABasicAnimation+JJ.m */ = {isa = PBXFileReference; fileEncoding = 4; lastKnownFileType = sourcecode.c.objc; path = "CABasicAnimation+JJ.m"; sourceTree = "<group>"; };
		282886311C9B920B004EC1B9 /* CSSearchableIndex+JJ.h */ = {isa = PBXFileReference; fileEncoding = 4; lastKnownFileType = sourcecode.c.h; path = "CSSearchableIndex+JJ.h"; sourceTree = "<group>"; };
		282886321C9B920B004EC1B9 /* CSSearchableIndex+JJ.m */ = {isa = PBXFileReference; fileEncoding = 4; lastKnownFileType = sourcecode.c.objc; path = "CSSearchableIndex+JJ.m"; sourceTree = "<group>"; };
		282886331C9B920B004EC1B9 /* JJSystemCategory.h */ = {isa = PBXFileReference; fileEncoding = 4; lastKnownFileType = sourcecode.c.h; path = JJSystemCategory.h; sourceTree = "<group>"; };
		282886341C9B920B004EC1B9 /* NSArray+JJ.h */ = {isa = PBXFileReference; fileEncoding = 4; lastKnownFileType = sourcecode.c.h; path = "NSArray+JJ.h"; sourceTree = "<group>"; };
		282886351C9B920B004EC1B9 /* NSArray+JJ.m */ = {isa = PBXFileReference; fileEncoding = 4; lastKnownFileType = sourcecode.c.objc; path = "NSArray+JJ.m"; sourceTree = "<group>"; };
		282886361C9B920B004EC1B9 /* NSData+JJ.h */ = {isa = PBXFileReference; fileEncoding = 4; lastKnownFileType = sourcecode.c.h; path = "NSData+JJ.h"; sourceTree = "<group>"; };
		282886371C9B920B004EC1B9 /* NSData+JJ.m */ = {isa = PBXFileReference; fileEncoding = 4; lastKnownFileType = sourcecode.c.objc; path = "NSData+JJ.m"; sourceTree = "<group>"; };
		282886381C9B920B004EC1B9 /* NSData+JJ_Zip.h */ = {isa = PBXFileReference; fileEncoding = 4; lastKnownFileType = sourcecode.c.h; path = "NSData+JJ_Zip.h"; sourceTree = "<group>"; };
		282886391C9B920B004EC1B9 /* NSData+JJ_Zip.m */ = {isa = PBXFileReference; fileEncoding = 4; lastKnownFileType = sourcecode.c.objc; path = "NSData+JJ_Zip.m"; sourceTree = "<group>"; };
		2828863A1C9B920B004EC1B9 /* NSDate+JJ.h */ = {isa = PBXFileReference; fileEncoding = 4; lastKnownFileType = sourcecode.c.h; path = "NSDate+JJ.h"; sourceTree = "<group>"; };
		2828863B1C9B920B004EC1B9 /* NSDate+JJ.m */ = {isa = PBXFileReference; fileEncoding = 4; lastKnownFileType = sourcecode.c.objc; path = "NSDate+JJ.m"; sourceTree = "<group>"; };
		2828863C1C9B920B004EC1B9 /* NSDictionary+JJ.h */ = {isa = PBXFileReference; fileEncoding = 4; lastKnownFileType = sourcecode.c.h; path = "NSDictionary+JJ.h"; sourceTree = "<group>"; };
		2828863D1C9B920B004EC1B9 /* NSDictionary+JJ.m */ = {isa = PBXFileReference; fileEncoding = 4; lastKnownFileType = sourcecode.c.objc; path = "NSDictionary+JJ.m"; sourceTree = "<group>"; };
		2828863E1C9B920B004EC1B9 /* NSFileManager+JJ.h */ = {isa = PBXFileReference; fileEncoding = 4; lastKnownFileType = sourcecode.c.h; path = "NSFileManager+JJ.h"; sourceTree = "<group>"; };
		2828863F1C9B920B004EC1B9 /* NSFileManager+JJ.m */ = {isa = PBXFileReference; fileEncoding = 4; lastKnownFileType = sourcecode.c.objc; path = "NSFileManager+JJ.m"; sourceTree = "<group>"; };
		282886401C9B920B004EC1B9 /* NSIndexPath+JJ.h */ = {isa = PBXFileReference; fileEncoding = 4; lastKnownFileType = sourcecode.c.h; path = "NSIndexPath+JJ.h"; sourceTree = "<group>"; };
		282886411C9B920B004EC1B9 /* NSIndexPath+JJ.m */ = {isa = PBXFileReference; fileEncoding = 4; lastKnownFileType = sourcecode.c.objc; path = "NSIndexPath+JJ.m"; sourceTree = "<group>"; };
		282886421C9B920B004EC1B9 /* NSMutableArray+JJ.h */ = {isa = PBXFileReference; fileEncoding = 4; lastKnownFileType = sourcecode.c.h; path = "NSMutableArray+JJ.h"; sourceTree = "<group>"; };
		282886431C9B920B004EC1B9 /* NSMutableArray+JJ.m */ = {isa = PBXFileReference; fileEncoding = 4; lastKnownFileType = sourcecode.c.objc; path = "NSMutableArray+JJ.m"; sourceTree = "<group>"; };
		282886441C9B920B004EC1B9 /* NSMutableDictionary+JJ.h */ = {isa = PBXFileReference; fileEncoding = 4; lastKnownFileType = sourcecode.c.h; path = "NSMutableDictionary+JJ.h"; sourceTree = "<group>"; };
		282886451C9B920B004EC1B9 /* NSMutableDictionary+JJ.m */ = {isa = PBXFileReference; fileEncoding = 4; lastKnownFileType = sourcecode.c.objc; path = "NSMutableDictionary+JJ.m"; sourceTree = "<group>"; };
		282886461C9B920B004EC1B9 /* NSObject+JJ.h */ = {isa = PBXFileReference; fileEncoding = 4; lastKnownFileType = sourcecode.c.h; path = "NSObject+JJ.h"; sourceTree = "<group>"; };
		282886471C9B920B004EC1B9 /* NSObject+JJ.m */ = {isa = PBXFileReference; fileEncoding = 4; lastKnownFileType = sourcecode.c.objc; path = "NSObject+JJ.m"; sourceTree = "<group>"; };
		282886481C9B920B004EC1B9 /* NSString+JJ.h */ = {isa = PBXFileReference; fileEncoding = 4; lastKnownFileType = sourcecode.c.h; path = "NSString+JJ.h"; sourceTree = "<group>"; };
		282886491C9B920B004EC1B9 /* NSString+JJ.m */ = {isa = PBXFileReference; fileEncoding = 4; lastKnownFileType = sourcecode.c.objc; path = "NSString+JJ.m"; sourceTree = "<group>"; };
		2828864A1C9B920B004EC1B9 /* NSTimer+JJ.h */ = {isa = PBXFileReference; fileEncoding = 4; lastKnownFileType = sourcecode.c.h; path = "NSTimer+JJ.h"; sourceTree = "<group>"; };
		2828864B1C9B920B004EC1B9 /* NSTimer+JJ.m */ = {isa = PBXFileReference; fileEncoding = 4; lastKnownFileType = sourcecode.c.objc; path = "NSTimer+JJ.m"; sourceTree = "<group>"; };
		2828864C1C9B920B004EC1B9 /* NSUserActivity+JJ.h */ = {isa = PBXFileReference; fileEncoding = 4; lastKnownFileType = sourcecode.c.h; path = "NSUserActivity+JJ.h"; sourceTree = "<group>"; };
		2828864D1C9B920B004EC1B9 /* NSUserActivity+JJ.m */ = {isa = PBXFileReference; fileEncoding = 4; lastKnownFileType = sourcecode.c.objc; path = "NSUserActivity+JJ.m"; sourceTree = "<group>"; };
		2828864E1C9B920B004EC1B9 /* UIAlertController+JJ.h */ = {isa = PBXFileReference; fileEncoding = 4; lastKnownFileType = sourcecode.c.h; path = "UIAlertController+JJ.h"; sourceTree = "<group>"; };
		2828864F1C9B920B004EC1B9 /* UIAlertController+JJ.m */ = {isa = PBXFileReference; fileEncoding = 4; lastKnownFileType = sourcecode.c.objc; path = "UIAlertController+JJ.m"; sourceTree = "<group>"; };
		282886501C9B920B004EC1B9 /* UIApplication+JJ.h */ = {isa = PBXFileReference; fileEncoding = 4; lastKnownFileType = sourcecode.c.h; path = "UIApplication+JJ.h"; sourceTree = "<group>"; };
		282886511C9B920B004EC1B9 /* UIApplication+JJ.m */ = {isa = PBXFileReference; fileEncoding = 4; lastKnownFileType = sourcecode.c.objc; path = "UIApplication+JJ.m"; sourceTree = "<group>"; };
		282886521C9B920B004EC1B9 /* UIColor+JJ.h */ = {isa = PBXFileReference; fileEncoding = 4; lastKnownFileType = sourcecode.c.h; path = "UIColor+JJ.h"; sourceTree = "<group>"; };
		282886531C9B920B004EC1B9 /* UIColor+JJ.m */ = {isa = PBXFileReference; fileEncoding = 4; lastKnownFileType = sourcecode.c.objc; path = "UIColor+JJ.m"; sourceTree = "<group>"; };
		282886541C9B920B004EC1B9 /* UIDevice+JJ.h */ = {isa = PBXFileReference; fileEncoding = 4; lastKnownFileType = sourcecode.c.h; path = "UIDevice+JJ.h"; sourceTree = "<group>"; };
		282886551C9B920B004EC1B9 /* UIDevice+JJ.m */ = {isa = PBXFileReference; fileEncoding = 4; lastKnownFileType = sourcecode.c.objc; path = "UIDevice+JJ.m"; sourceTree = "<group>"; };
		282886561C9B920B004EC1B9 /* UIGestureRecognizer+JJ.h */ = {isa = PBXFileReference; fileEncoding = 4; lastKnownFileType = sourcecode.c.h; path = "UIGestureRecognizer+JJ.h"; sourceTree = "<group>"; };
		282886571C9B920B004EC1B9 /* UIGestureRecognizer+JJ.m */ = {isa = PBXFileReference; fileEncoding = 4; lastKnownFileType = sourcecode.c.objc; path = "UIGestureRecognizer+JJ.m"; sourceTree = "<group>"; };
		282886581C9B920B004EC1B9 /* UIImage+JJ.h */ = {isa = PBXFileReference; fileEncoding = 4; lastKnownFileType = sourcecode.c.h; path = "UIImage+JJ.h"; sourceTree = "<group>"; };
		282886591C9B920B004EC1B9 /* UIImage+JJ.m */ = {isa = PBXFileReference; fileEncoding = 4; lastKnownFileType = sourcecode.c.objc; path = "UIImage+JJ.m"; sourceTree = "<group>"; };
		2828865A1C9B920B004EC1B9 /* UIImageView+JJ.h */ = {isa = PBXFileReference; fileEncoding = 4; lastKnownFileType = sourcecode.c.h; path = "UIImageView+JJ.h"; sourceTree = "<group>"; };
		2828865B1C9B920B004EC1B9 /* UIImageView+JJ.m */ = {isa = PBXFileReference; fileEncoding = 4; lastKnownFileType = sourcecode.c.objc; path = "UIImageView+JJ.m"; sourceTree = "<group>"; };
		2828865C1C9B920B004EC1B9 /* UIScrollView+JJ.h */ = {isa = PBXFileReference; fileEncoding = 4; lastKnownFileType = sourcecode.c.h; path = "UIScrollView+JJ.h"; sourceTree = "<group>"; };
		2828865D1C9B920B004EC1B9 /* UIScrollView+JJ.m */ = {isa = PBXFileReference; fileEncoding = 4; lastKnownFileType = sourcecode.c.objc; path = "UIScrollView+JJ.m"; sourceTree = "<group>"; };
		2828865E1C9B920B004EC1B9 /* UIView+JJ.h */ = {isa = PBXFileReference; fileEncoding = 4; lastKnownFileType = sourcecode.c.h; path = "UIView+JJ.h"; sourceTree = "<group>"; };
		2828865F1C9B920B004EC1B9 /* UIView+JJ.m */ = {isa = PBXFileReference; fileEncoding = 4; lastKnownFileType = sourcecode.c.objc; path = "UIView+JJ.m"; sourceTree = "<group>"; };
		2828867B1C9B93B4004EC1B9 /* JJLog.h */ = {isa = PBXFileReference; fileEncoding = 4; lastKnownFileType = sourcecode.c.h; path = JJLog.h; sourceTree = "<group>"; };
		2828867C1C9B93B4004EC1B9 /* JJLog.m */ = {isa = PBXFileReference; fileEncoding = 4; lastKnownFileType = sourcecode.c.objc; path = JJLog.m; sourceTree = "<group>"; };
		282886801C9B93E3004EC1B9 /* JJWeakDictionary.h */ = {isa = PBXFileReference; fileEncoding = 4; lastKnownFileType = sourcecode.c.h; path = JJWeakDictionary.h; sourceTree = "<group>"; };
		282886811C9B93E3004EC1B9 /* JJWeakDictionary.m */ = {isa = PBXFileReference; fileEncoding = 4; lastKnownFileType = sourcecode.c.objc; path = JJWeakDictionary.m; sourceTree = "<group>"; };
		282886841C9B94B7004EC1B9 /* JJSpotlightManager.h */ = {isa = PBXFileReference; fileEncoding = 4; lastKnownFileType = sourcecode.c.h; path = JJSpotlightManager.h; sourceTree = "<group>"; };
		282886851C9B94B7004EC1B9 /* JJSpotlightManager.m */ = {isa = PBXFileReference; fileEncoding = 4; lastKnownFileType = sourcecode.c.objc; path = JJSpotlightManager.m; sourceTree = "<group>"; };
		282886891C9B94F8004EC1B9 /* JJImportContactsManager.h */ = {isa = PBXFileReference; fileEncoding = 4; lastKnownFileType = sourcecode.c.h; path = JJImportContactsManager.h; sourceTree = "<group>"; };
		2828868A1C9B94F8004EC1B9 /* JJImportContactsManager.m */ = {isa = PBXFileReference; fileEncoding = 4; lastKnownFileType = sourcecode.c.objc; path = JJImportContactsManager.m; sourceTree = "<group>"; };
		2828868D1C9B9541004EC1B9 /* JJBootupChecker.h */ = {isa = PBXFileReference; fileEncoding = 4; lastKnownFileType = sourcecode.c.h; path = JJBootupChecker.h; sourceTree = "<group>"; };
		2828868E1C9B9541004EC1B9 /* JJBootupChecker.m */ = {isa = PBXFileReference; fileEncoding = 4; lastKnownFileType = sourcecode.c.objc; path = JJBootupChecker.m; sourceTree = "<group>"; };
		282886921C9B9560004EC1B9 /* JJSignalCrashTracking.h */ = {isa = PBXFileReference; fileEncoding = 4; lastKnownFileType = sourcecode.c.h; path = JJSignalCrashTracking.h; sourceTree = "<group>"; };
		282886931C9B9560004EC1B9 /* JJSignalCrashTracking.m */ = {isa = PBXFileReference; fileEncoding = 4; lastKnownFileType = sourcecode.c.objc; path = JJSignalCrashTracking.m; sourceTree = "<group>"; };
		282886941C9B9560004EC1B9 /* JJUncaughtExceptionTracking.h */ = {isa = PBXFileReference; fileEncoding = 4; lastKnownFileType = sourcecode.c.h; path = JJUncaughtExceptionTracking.h; sourceTree = "<group>"; };
		282886951C9B9560004EC1B9 /* JJUncaughtExceptionTracking.m */ = {isa = PBXFileReference; fileEncoding = 4; lastKnownFileType = sourcecode.c.objc; path = JJUncaughtExceptionTracking.m; sourceTree = "<group>"; };
/* End PBXFileReference section */

/* Begin PBXFrameworksBuildPhase section */
		2828861D1C9A7B49004EC1B9 /* Frameworks */ = {
			isa = PBXFrameworksBuildPhase;
			buildActionMask = 2147483647;
			files = (
			);
			runOnlyForDeploymentPostprocessing = 0;
		};
/* End PBXFrameworksBuildPhase section */

/* Begin PBXGroup section */
		282886171C9A7B49004EC1B9 = {
			isa = PBXGroup;
			children = (
				282886221C9A7B49004EC1B9 /* JJiOSTool */,
				282886211C9A7B49004EC1B9 /* Products */,
			);
			sourceTree = "<group>";
		};
		282886211C9A7B49004EC1B9 /* Products */ = {
			isa = PBXGroup;
			children = (
				282886201C9A7B49004EC1B9 /* libJJiOSTool.a */,
			);
			name = Products;
			sourceTree = "<group>";
		};
		282886221C9A7B49004EC1B9 /* JJiOSTool */ = {
			isa = PBXGroup;
			children = (
				2828868C1C9B9541004EC1B9 /* BootupChecker */,
				282886871C9B94F8004EC1B9 /* ContactList */,
				282886901C9B9560004EC1B9 /* Crash */,
				2828867E1C9B93E3004EC1B9 /* Dictionary */,
				282886791C9B93B4004EC1B9 /* Log */,
				282886831C9B94B7004EC1B9 /* Spotlight */,
				2828862C1C9B920B004EC1B9 /* SystemCategory */,
			);
			path = JJiOSTool;
			sourceTree = "<group>";
		};
		2828862C1C9B920B004EC1B9 /* SystemCategory */ = {
			isa = PBXGroup;
			children = (
				2828862D1C9B920B004EC1B9 /* CAAnimation+JJ.h */,
				2828862E1C9B920B004EC1B9 /* CAAnimation+JJ.m */,
				2828862F1C9B920B004EC1B9 /* CABasicAnimation+JJ.h */,
				282886301C9B920B004EC1B9 /* CABasicAnimation+JJ.m */,
				282886311C9B920B004EC1B9 /* CSSearchableIndex+JJ.h */,
				282886321C9B920B004EC1B9 /* CSSearchableIndex+JJ.m */,
				282886331C9B920B004EC1B9 /* JJSystemCategory.h */,
				282886341C9B920B004EC1B9 /* NSArray+JJ.h */,
				282886351C9B920B004EC1B9 /* NSArray+JJ.m */,
				282886361C9B920B004EC1B9 /* NSData+JJ.h */,
				282886371C9B920B004EC1B9 /* NSData+JJ.m */,
				282886381C9B920B004EC1B9 /* NSData+JJ_Zip.h */,
				282886391C9B920B004EC1B9 /* NSData+JJ_Zip.m */,
				2828863A1C9B920B004EC1B9 /* NSDate+JJ.h */,
				2828863B1C9B920B004EC1B9 /* NSDate+JJ.m */,
				2828863C1C9B920B004EC1B9 /* NSDictionary+JJ.h */,
				2828863D1C9B920B004EC1B9 /* NSDictionary+JJ.m */,
				2828863E1C9B920B004EC1B9 /* NSFileManager+JJ.h */,
				2828863F1C9B920B004EC1B9 /* NSFileManager+JJ.m */,
				282886401C9B920B004EC1B9 /* NSIndexPath+JJ.h */,
				282886411C9B920B004EC1B9 /* NSIndexPath+JJ.m */,
				282886421C9B920B004EC1B9 /* NSMutableArray+JJ.h */,
				282886431C9B920B004EC1B9 /* NSMutableArray+JJ.m */,
				282886441C9B920B004EC1B9 /* NSMutableDictionary+JJ.h */,
				282886451C9B920B004EC1B9 /* NSMutableDictionary+JJ.m */,
				282886461C9B920B004EC1B9 /* NSObject+JJ.h */,
				282886471C9B920B004EC1B9 /* NSObject+JJ.m */,
				282886481C9B920B004EC1B9 /* NSString+JJ.h */,
				282886491C9B920B004EC1B9 /* NSString+JJ.m */,
				2828864A1C9B920B004EC1B9 /* NSTimer+JJ.h */,
				2828864B1C9B920B004EC1B9 /* NSTimer+JJ.m */,
				2828864C1C9B920B004EC1B9 /* NSUserActivity+JJ.h */,
				2828864D1C9B920B004EC1B9 /* NSUserActivity+JJ.m */,
				2828864E1C9B920B004EC1B9 /* UIAlertController+JJ.h */,
				2828864F1C9B920B004EC1B9 /* UIAlertController+JJ.m */,
				282886501C9B920B004EC1B9 /* UIApplication+JJ.h */,
				282886511C9B920B004EC1B9 /* UIApplication+JJ.m */,
				282886521C9B920B004EC1B9 /* UIColor+JJ.h */,
				282886531C9B920B004EC1B9 /* UIColor+JJ.m */,
				282886541C9B920B004EC1B9 /* UIDevice+JJ.h */,
				282886551C9B920B004EC1B9 /* UIDevice+JJ.m */,
				282886561C9B920B004EC1B9 /* UIGestureRecognizer+JJ.h */,
				282886571C9B920B004EC1B9 /* UIGestureRecognizer+JJ.m */,
				282886581C9B920B004EC1B9 /* UIImage+JJ.h */,
				282886591C9B920B004EC1B9 /* UIImage+JJ.m */,
				2828865A1C9B920B004EC1B9 /* UIImageView+JJ.h */,
				2828865B1C9B920B004EC1B9 /* UIImageView+JJ.m */,
				2828865C1C9B920B004EC1B9 /* UIScrollView+JJ.h */,
				2828865D1C9B920B004EC1B9 /* UIScrollView+JJ.m */,
				2828865E1C9B920B004EC1B9 /* UIView+JJ.h */,
				2828865F1C9B920B004EC1B9 /* UIView+JJ.m */,
			);
			path = SystemCategory;
			sourceTree = "<group>";
		};
		282886791C9B93B4004EC1B9 /* Log */ = {
			isa = PBXGroup;
			children = (
				2828867A1C9B93B4004EC1B9 /* JJLog */,
			);
			path = Log;
			sourceTree = "<group>";
		};
		2828867A1C9B93B4004EC1B9 /* JJLog */ = {
			isa = PBXGroup;
			children = (
				2828867B1C9B93B4004EC1B9 /* JJLog.h */,
				2828867C1C9B93B4004EC1B9 /* JJLog.m */,
			);
			path = JJLog;
			sourceTree = "<group>";
		};
		2828867E1C9B93E3004EC1B9 /* Dictionary */ = {
			isa = PBXGroup;
			children = (
				2828867F1C9B93E3004EC1B9 /* JJWeakDictionary */,
			);
			path = Dictionary;
			sourceTree = "<group>";
		};
		2828867F1C9B93E3004EC1B9 /* JJWeakDictionary */ = {
			isa = PBXGroup;
			children = (
				282886801C9B93E3004EC1B9 /* JJWeakDictionary.h */,
				282886811C9B93E3004EC1B9 /* JJWeakDictionary.m */,
			);
			path = JJWeakDictionary;
			sourceTree = "<group>";
		};
		282886831C9B94B7004EC1B9 /* Spotlight */ = {
			isa = PBXGroup;
			children = (
				282886841C9B94B7004EC1B9 /* JJSpotlightManager.h */,
				282886851C9B94B7004EC1B9 /* JJSpotlightManager.m */,
			);
			path = Spotlight;
			sourceTree = "<group>";
		};
		282886871C9B94F8004EC1B9 /* ContactList */ = {
			isa = PBXGroup;
			children = (
				282886881C9B94F8004EC1B9 /* ImportContacts */,
			);
			path = ContactList;
			sourceTree = "<group>";
		};
		282886881C9B94F8004EC1B9 /* ImportContacts */ = {
			isa = PBXGroup;
			children = (
				282886891C9B94F8004EC1B9 /* JJImportContactsManager.h */,
				2828868A1C9B94F8004EC1B9 /* JJImportContactsManager.m */,
			);
			path = ImportContacts;
			sourceTree = "<group>";
		};
		2828868C1C9B9541004EC1B9 /* BootupChecker */ = {
			isa = PBXGroup;
			children = (
				2828868D1C9B9541004EC1B9 /* JJBootupChecker.h */,
				2828868E1C9B9541004EC1B9 /* JJBootupChecker.m */,
			);
			path = BootupChecker;
			sourceTree = "<group>";
		};
		282886901C9B9560004EC1B9 /* Crash */ = {
			isa = PBXGroup;
			children = (
				282886911C9B9560004EC1B9 /* JJCrashTracking */,
			);
			path = Crash;
			sourceTree = "<group>";
		};
		282886911C9B9560004EC1B9 /* JJCrashTracking */ = {
			isa = PBXGroup;
			children = (
				282886921C9B9560004EC1B9 /* JJSignalCrashTracking.h */,
				282886931C9B9560004EC1B9 /* JJSignalCrashTracking.m */,
				282886941C9B9560004EC1B9 /* JJUncaughtExceptionTracking.h */,
				282886951C9B9560004EC1B9 /* JJUncaughtExceptionTracking.m */,
			);
			path = JJCrashTracking;
			sourceTree = "<group>";
		};
/* End PBXGroup section */

/* Begin PBXNativeTarget section */
		2828861F1C9A7B49004EC1B9 /* JJiOSTool */ = {
			isa = PBXNativeTarget;
			buildConfigurationList = 282886291C9A7B49004EC1B9 /* Build configuration list for PBXNativeTarget "JJiOSTool" */;
			buildPhases = (
				2828861C1C9A7B49004EC1B9 /* Sources */,
				2828861D1C9A7B49004EC1B9 /* Frameworks */,
				2828861E1C9A7B49004EC1B9 /* CopyFiles */,
			);
			buildRules = (
			);
			dependencies = (
			);
			name = JJiOSTool;
			productName = JJiOSTool;
			productReference = 282886201C9A7B49004EC1B9 /* libJJiOSTool.a */;
			productType = "com.apple.product-type.library.static";
		};
/* End PBXNativeTarget section */

/* Begin PBXProject section */
		282886181C9A7B49004EC1B9 /* Project object */ = {
			isa = PBXProject;
			attributes = {
				LastUpgradeCheck = 0720;
				ORGANIZATIONNAME = JJ;
				TargetAttributes = {
					2828861F1C9A7B49004EC1B9 = {
						CreatedOnToolsVersion = 7.2.1;
					};
				};
			};
			buildConfigurationList = 2828861B1C9A7B49004EC1B9 /* Build configuration list for PBXProject "JJiOSTool" */;
			compatibilityVersion = "Xcode 3.2";
			developmentRegion = English;
			hasScannedForEncodings = 0;
			knownRegions = (
				en,
			);
			mainGroup = 282886171C9A7B49004EC1B9;
			productRefGroup = 282886211C9A7B49004EC1B9 /* Products */;
			projectDirPath = "";
			projectRoot = "";
			targets = (
				2828861F1C9A7B49004EC1B9 /* JJiOSTool */,
			);
		};
/* End PBXProject section */

/* Begin PBXSourcesBuildPhase section */
		2828861C1C9A7B49004EC1B9 /* Sources */ = {
			isa = PBXSourcesBuildPhase;
			buildActionMask = 2147483647;
			files = (
				2828866E1C9B920B004EC1B9 /* NSTimer+JJ.m in Sources */,
				282886601C9B920B004EC1B9 /* CAAnimation+JJ.m in Sources */,
				2828866D1C9B920B004EC1B9 /* NSString+JJ.m in Sources */,
				282886661C9B920B004EC1B9 /* NSDate+JJ.m in Sources */,
				2828866C1C9B920B004EC1B9 /* NSObject+JJ.m in Sources */,
				282886721C9B920B004EC1B9 /* UIColor+JJ.m in Sources */,
				282886691C9B920B004EC1B9 /* NSIndexPath+JJ.m in Sources */,
				2828866B1C9B920B004EC1B9 /* NSMutableDictionary+JJ.m in Sources */,
				282886861C9B94B7004EC1B9 /* JJSpotlightManager.m in Sources */,
				282886701C9B920B004EC1B9 /* UIAlertController+JJ.m in Sources */,
				282886961C9B9560004EC1B9 /* JJSignalCrashTracking.m in Sources */,
				282886781C9B920B004EC1B9 /* UIView+JJ.m in Sources */,
				282886731C9B920B004EC1B9 /* UIDevice+JJ.m in Sources */,
				282886971C9B9560004EC1B9 /* JJUncaughtExceptionTracking.m in Sources */,
				282886681C9B920B004EC1B9 /* NSFileManager+JJ.m in Sources */,
				282886771C9B920B004EC1B9 /* UIScrollView+JJ.m in Sources */,
				282886671C9B920B004EC1B9 /* NSDictionary+JJ.m in Sources */,
				282886641C9B920B004EC1B9 /* NSData+JJ.m in Sources */,
				2828866F1C9B920B004EC1B9 /* NSUserActivity+JJ.m in Sources */,
				2828867D1C9B93B4004EC1B9 /* JJLog.m in Sources */,
				282886621C9B920B004EC1B9 /* CSSearchableIndex+JJ.m in Sources */,
				282886631C9B920B004EC1B9 /* NSArray+JJ.m in Sources */,
				282886821C9B93E3004EC1B9 /* JJWeakDictionary.m in Sources */,
				282886651C9B920B004EC1B9 /* NSData+JJ_Zip.m in Sources */,
				282886611C9B920B004EC1B9 /* CABasicAnimation+JJ.m in Sources */,
				282886761C9B920B004EC1B9 /* UIImageView+JJ.m in Sources */,
				2828868B1C9B94F8004EC1B9 /* JJImportContactsManager.m in Sources */,
				282886711C9B920B004EC1B9 /* UIApplication+JJ.m in Sources */,
				2828868F1C9B9541004EC1B9 /* JJBootupChecker.m in Sources */,
				282886751C9B920B004EC1B9 /* UIImage+JJ.m in Sources */,
				282886741C9B920B004EC1B9 /* UIGestureRecognizer+JJ.m in Sources */,
				2828866A1C9B920B004EC1B9 /* NSMutableArray+JJ.m in Sources */,
			);
			runOnlyForDeploymentPostprocessing = 0;
		};
/* End PBXSourcesBuildPhase section */

/* Begin XCBuildConfiguration section */
		282886271C9A7B49004EC1B9 /* Debug */ = {
			isa = XCBuildConfiguration;
			buildSettings = {
				ALWAYS_SEARCH_USER_PATHS = NO;
				CLANG_CXX_LANGUAGE_STANDARD = "gnu++0x";
				CLANG_CXX_LIBRARY = "libc++";
				CLANG_ENABLE_MODULES = YES;
				CLANG_ENABLE_OBJC_ARC = YES;
				CLANG_WARN_BOOL_CONVERSION = YES;
				CLANG_WARN_CONSTANT_CONVERSION = YES;
				CLANG_WARN_DIRECT_OBJC_ISA_USAGE = YES_ERROR;
				CLANG_WARN_EMPTY_BODY = YES;
				CLANG_WARN_ENUM_CONVERSION = YES;
				CLANG_WARN_INT_CONVERSION = YES;
				CLANG_WARN_OBJC_ROOT_CLASS = YES_ERROR;
				CLANG_WARN_UNREACHABLE_CODE = YES;
				CLANG_WARN__DUPLICATE_METHOD_MATCH = YES;
				"CODE_SIGN_IDENTITY[sdk=iphoneos*]" = "iPhone Developer";
				COPY_PHASE_STRIP = NO;
				DEBUG_INFORMATION_FORMAT = dwarf;
				ENABLE_STRICT_OBJC_MSGSEND = YES;
				ENABLE_TESTABILITY = YES;
				GCC_C_LANGUAGE_STANDARD = gnu99;
				GCC_DYNAMIC_NO_PIC = NO;
				GCC_NO_COMMON_BLOCKS = YES;
				GCC_OPTIMIZATION_LEVEL = 0;
				GCC_PREPROCESSOR_DEFINITIONS = (
					"DEBUG=1",
					"$(inherited)",
				);
				GCC_WARN_64_TO_32_BIT_CONVERSION = YES;
				GCC_WARN_ABOUT_RETURN_TYPE = YES_ERROR;
				GCC_WARN_UNDECLARED_SELECTOR = YES;
				GCC_WARN_UNINITIALIZED_AUTOS = YES_AGGRESSIVE;
				GCC_WARN_UNUSED_FUNCTION = YES;
				GCC_WARN_UNUSED_VARIABLE = YES;
				IPHONEOS_DEPLOYMENT_TARGET = 9.2;
				MTL_ENABLE_DEBUG_INFO = YES;
				ONLY_ACTIVE_ARCH = YES;
				SDKROOT = iphoneos;
			};
			name = Debug;
		};
		282886281C9A7B49004EC1B9 /* Release */ = {
			isa = XCBuildConfiguration;
			buildSettings = {
				ALWAYS_SEARCH_USER_PATHS = NO;
				CLANG_CXX_LANGUAGE_STANDARD = "gnu++0x";
				CLANG_CXX_LIBRARY = "libc++";
				CLANG_ENABLE_MODULES = YES;
				CLANG_ENABLE_OBJC_ARC = YES;
				CLANG_WARN_BOOL_CONVERSION = YES;
				CLANG_WARN_CONSTANT_CONVERSION = YES;
				CLANG_WARN_DIRECT_OBJC_ISA_USAGE = YES_ERROR;
				CLANG_WARN_EMPTY_BODY = YES;
				CLANG_WARN_ENUM_CONVERSION = YES;
				CLANG_WARN_INT_CONVERSION = YES;
				CLANG_WARN_OBJC_ROOT_CLASS = YES_ERROR;
				CLANG_WARN_UNREACHABLE_CODE = YES;
				CLANG_WARN__DUPLICATE_METHOD_MATCH = YES;
				"CODE_SIGN_IDENTITY[sdk=iphoneos*]" = "iPhone Developer";
				COPY_PHASE_STRIP = NO;
				DEBUG_INFORMATION_FORMAT = "dwarf-with-dsym";
				ENABLE_NS_ASSERTIONS = NO;
				ENABLE_STRICT_OBJC_MSGSEND = YES;
				GCC_C_LANGUAGE_STANDARD = gnu99;
				GCC_NO_COMMON_BLOCKS = YES;
				GCC_WARN_64_TO_32_BIT_CONVERSION = YES;
				GCC_WARN_ABOUT_RETURN_TYPE = YES_ERROR;
				GCC_WARN_UNDECLARED_SELECTOR = YES;
				GCC_WARN_UNINITIALIZED_AUTOS = YES_AGGRESSIVE;
				GCC_WARN_UNUSED_FUNCTION = YES;
				GCC_WARN_UNUSED_VARIABLE = YES;
				IPHONEOS_DEPLOYMENT_TARGET = 9.2;
				MTL_ENABLE_DEBUG_INFO = NO;
				SDKROOT = iphoneos;
				VALIDATE_PRODUCT = YES;
			};
			name = Release;
		};
		2828862A1C9A7B49004EC1B9 /* Debug */ = {
			isa = XCBuildConfiguration;
			buildSettings = {
				OTHER_LDFLAGS = "-ObjC";
				PRODUCT_NAME = "$(TARGET_NAME)";
				SKIP_INSTALL = YES;
			};
			name = Debug;
		};
		2828862B1C9A7B49004EC1B9 /* Release */ = {
			isa = XCBuildConfiguration;
			buildSettings = {
				OTHER_LDFLAGS = "-ObjC";
				PRODUCT_NAME = "$(TARGET_NAME)";
				SKIP_INSTALL = YES;
			};
			name = Release;
		};
/* End XCBuildConfiguration section */

/* Begin XCConfigurationList section */
		2828861B1C9A7B49004EC1B9 /* Build configuration list for PBXProject "JJiOSTool" */ = {
			isa = XCConfigurationList;
			buildConfigurations = (
				282886271C9A7B49004EC1B9 /* Debug */,
				282886281C9A7B49004EC1B9 /* Release */,
			);
			defaultConfigurationIsVisible = 0;
			defaultConfigurationName = Release;
		};
		282886291C9A7B49004EC1B9 /* Build configuration list for PBXNativeTarget "JJiOSTool" */ = {
			isa = XCConfigurationList;
			buildConfigurations = (
				2828862A1C9A7B49004EC1B9 /* Debug */,
				2828862B1C9A7B49004EC1B9 /* Release */,
			);
			defaultConfigurationIsVisible = 0;
			defaultConfigurationName = Release;
		};
/* End XCConfigurationList section */
	};
	rootObject = 282886181C9A7B49004EC1B9 /* Project object */;
}
